// !$*UTF8*$!
{
	archiveVersion = 1;
	classes = {
	};
	objectVersion = 46;
	objects = {

/* Begin PBXBuildFile section */
		CC0CF381168A4E72006D902D /* README.textile in Resources */ = {isa = PBXBuildFile; fileRef = CC0CF380168A4E72006D902D /* README.textile */; };
		CC0CF3E516989A3D006D902D /* Unit.m in Sources */ = {isa = PBXBuildFile; fileRef = CC0CF3E416989A3C006D902D /* Unit.m */; };
		CC0CF3E816989B52006D902D /* OrderOfBattle.m in Sources */ = {isa = PBXBuildFile; fileRef = CC0CF3E716989B51006D902D /* OrderOfBattle.m */; };
		CC0CF3EF169916E2006D902D /* QuartzCore.framework in Frameworks */ = {isa = PBXBuildFile; fileRef = CC0CF3EE169916E2006D902D /* QuartzCore.framework */; };
		CC2E35A016A0D31400788D16 /* Board.m in Sources */ = {isa = PBXBuildFile; fileRef = CC2E359F16A0D31400788D16 /* Board.m */; };
		CC2E35A216A1135B00788D16 /* CollectionUtil.m in Sources */ = {isa = PBXBuildFile; fileRef = CCDB60DE16A04B86006668C2 /* CollectionUtil.m */; };
		CC2E35A516A25B5A00788D16 /* Terrain.m in Sources */ = {isa = PBXBuildFile; fileRef = CC2E35A416A25B5A00788D16 /* Terrain.m */; };
		CC2E35A716A5CC2A00788D16 /* map.plist in Resources */ = {isa = PBXBuildFile; fileRef = CC2E35A616A5CC2900788D16 /* map.plist */; };
		CC35E67C16AA275500F9F0B1 /* MoveOrders.m in Sources */ = {isa = PBXBuildFile; fileRef = CC35E67B16AA275500F9F0B1 /* MoveOrders.m */; };
		CC35E67F16AA35E300F9F0B1 /* MoveOrdersTests.m in Sources */ = {isa = PBXBuildFile; fileRef = CC35E67E16AA35E300F9F0B1 /* MoveOrdersTests.m */; };
		CC35E68416AF5EE700F9F0B1 /* MapView.m in Sources */ = {isa = PBXBuildFile; fileRef = CC35E68116AF5EE700F9F0B1 /* MapView.m */; };
		CC35E68516AF5EE700F9F0B1 /* UnitView.m in Sources */ = {isa = PBXBuildFile; fileRef = CC35E68316AF5EE700F9F0B1 /* UnitView.m */; };
		CC35E68716B5CE0A00F9F0B1 /* portraits.png in Resources */ = {isa = PBXBuildFile; fileRef = CC35E68616B5CE0A00F9F0B1 /* portraits.png */; };
		CC85854D167A72610054E60D /* UIKit.framework in Frameworks */ = {isa = PBXBuildFile; fileRef = CC85854C167A72610054E60D /* UIKit.framework */; };
		CC85854F167A72610054E60D /* Foundation.framework in Frameworks */ = {isa = PBXBuildFile; fileRef = CC85854E167A72610054E60D /* Foundation.framework */; };
		CC858551167A72610054E60D /* CoreGraphics.framework in Frameworks */ = {isa = PBXBuildFile; fileRef = CC858550167A72610054E60D /* CoreGraphics.framework */; };
		CC858557167A72610054E60D /* InfoPlist.strings in Resources */ = {isa = PBXBuildFile; fileRef = CC858555167A72610054E60D /* InfoPlist.strings */; };
		CC85855F167A72610054E60D /* Default.png in Resources */ = {isa = PBXBuildFile; fileRef = CC85855E167A72610054E60D /* Default.png */; };
		CC858561167A72610054E60D /* Default@2x.png in Resources */ = {isa = PBXBuildFile; fileRef = CC858560167A72610054E60D /* Default@2x.png */; };
		CC858563167A72610054E60D /* Default-568h@2x.png in Resources */ = {isa = PBXBuildFile; fileRef = CC858562167A72610054E60D /* Default-568h@2x.png */; };
		CC858571167A72610054E60D /* SenTestingKit.framework in Frameworks */ = {isa = PBXBuildFile; fileRef = CC858570167A72610054E60D /* SenTestingKit.framework */; };
		CC858572167A72610054E60D /* UIKit.framework in Frameworks */ = {isa = PBXBuildFile; fileRef = CC85854C167A72610054E60D /* UIKit.framework */; };
		CC858573167A72610054E60D /* Foundation.framework in Frameworks */ = {isa = PBXBuildFile; fileRef = CC85854E167A72610054E60D /* Foundation.framework */; };
		CC85857B167A72610054E60D /* InfoPlist.strings in Resources */ = {isa = PBXBuildFile; fileRef = CC858579167A72610054E60D /* InfoPlist.strings */; };
		CCDB60CD169E0907006668C2 /* HexMapGeometryTests.m in Sources */ = {isa = PBXBuildFile; fileRef = CCDB60CC169E0907006668C2 /* HexMapGeometryTests.m */; };
		CCDB60D0169FCA10006668C2 /* Game.m in Sources */ = {isa = PBXBuildFile; fileRef = CCDB60CF169FCA0F006668C2 /* Game.m */; };
		CCDB60DC16A04B30006668C2 /* SysUtil.m in Sources */ = {isa = PBXBuildFile; fileRef = CCDB60DB16A04B30006668C2 /* SysUtil.m */; };
		CCDB60DF16A04B86006668C2 /* CollectionUtil.m in Sources */ = {isa = PBXBuildFile; fileRef = CCDB60DE16A04B86006668C2 /* CollectionUtil.m */; };
		CCDB60E516A04D71006668C2 /* MapViewController.m in Sources */ = {isa = PBXBuildFile; fileRef = CCDB60E416A04D71006668C2 /* MapViewController.m */; };
		CCDB60EA16A04D8C006668C2 /* BRAppDelegate.m in Sources */ = {isa = PBXBuildFile; fileRef = CCDB60E816A04D8C006668C2 /* BRAppDelegate.m */; };
		CCDB60EB16A04D8C006668C2 /* main.m in Sources */ = {isa = PBXBuildFile; fileRef = CCDB60E916A04D8C006668C2 /* main.m */; };
		CCDB60F316A04E43006668C2 /* Hex.m in Sources */ = {isa = PBXBuildFile; fileRef = CCDB60EE16A04E43006668C2 /* Hex.m */; };
		CCDB60F416A04E43006668C2 /* HexMapCoordinateTransformer.m in Sources */ = {isa = PBXBuildFile; fileRef = CCDB60F016A04E43006668C2 /* HexMapCoordinateTransformer.m */; };
		CCDB60F516A04E43006668C2 /* HexMapGeometry.m in Sources */ = {isa = PBXBuildFile; fileRef = CCDB60F216A04E43006668C2 /* HexMapGeometry.m */; };
		CCDB60F916A04E96006668C2 /* InfoBarView.m in Sources */ = {isa = PBXBuildFile; fileRef = CCDB60F816A04E96006668C2 /* InfoBarView.m */; };
		CCDB610316A04EF2006668C2 /* map.png in Resources */ = {isa = PBXBuildFile; fileRef = CCDB60FC16A04EF2006668C2 /* map.png */; };
		CCDB610416A04EF2006668C2 /* map.pspimage in Resources */ = {isa = PBXBuildFile; fileRef = CCDB60FE16A04EF2006668C2 /* map.pspimage */; };
		CCDB610516A04EF2006668C2 /* units.plist in Resources */ = {isa = PBXBuildFile; fileRef = CCDB60FF16A04EF2006668C2 /* units.plist */; };
		CCDB610616A04EF2006668C2 /* InfoBarView.xib in Resources */ = {isa = PBXBuildFile; fileRef = CCDB610116A04EF2006668C2 /* InfoBarView.xib */; };
		CCDB610716A04EF2006668C2 /* MapViewController.xib in Resources */ = {isa = PBXBuildFile; fileRef = CCDB610216A04EF2006668C2 /* MapViewController.xib */; };
/* End PBXBuildFile section */

/* Begin PBXContainerItemProxy section */
		CC858574167A72610054E60D /* PBXContainerItemProxy */ = {
			isa = PBXContainerItemProxy;
			containerPortal = CC85853F167A72600054E60D /* Project object */;
			proxyType = 1;
			remoteGlobalIDString = CC858547167A72600054E60D;
			remoteInfo = "Bull Run";
		};
/* End PBXContainerItemProxy section */

/* Begin PBXFileReference section */
		CC0CF380168A4E72006D902D /* README.textile */ = {isa = PBXFileReference; fileEncoding = 4; lastKnownFileType = text; path = README.textile; sourceTree = "<group>"; };
		CC0CF3E316989A3C006D902D /* Unit.h */ = {isa = PBXFileReference; fileEncoding = 4; lastKnownFileType = sourcecode.c.h; path = Unit.h; sourceTree = "<group>"; };
		CC0CF3E416989A3C006D902D /* Unit.m */ = {isa = PBXFileReference; fileEncoding = 4; lastKnownFileType = sourcecode.c.objc; path = Unit.m; sourceTree = "<group>"; };
		CC0CF3E616989B50006D902D /* OrderOfBattle.h */ = {isa = PBXFileReference; fileEncoding = 4; lastKnownFileType = sourcecode.c.h; path = OrderOfBattle.h; sourceTree = "<group>"; };
		CC0CF3E716989B51006D902D /* OrderOfBattle.m */ = {isa = PBXFileReference; fileEncoding = 4; lastKnownFileType = sourcecode.c.objc; path = OrderOfBattle.m; sourceTree = "<group>"; };
		CC0CF3E91698CB40006D902D /* BullRun.h */ = {isa = PBXFileReference; lastKnownFileType = sourcecode.c.h; path = BullRun.h; sourceTree = "<group>"; };
		CC0CF3EE169916E2006D902D /* QuartzCore.framework */ = {isa = PBXFileReference; lastKnownFileType = wrapper.framework; name = QuartzCore.framework; path = System/Library/Frameworks/QuartzCore.framework; sourceTree = SDKROOT; };
		CC2E359E16A0D31400788D16 /* Board.h */ = {isa = PBXFileReference; fileEncoding = 4; lastKnownFileType = sourcecode.c.h; path = Board.h; sourceTree = "<group>"; };
		CC2E359F16A0D31400788D16 /* Board.m */ = {isa = PBXFileReference; fileEncoding = 4; lastKnownFileType = sourcecode.c.objc; path = Board.m; sourceTree = "<group>"; };
		CC2E35A316A25B5A00788D16 /* Terrain.h */ = {isa = PBXFileReference; fileEncoding = 4; lastKnownFileType = sourcecode.c.h; path = Terrain.h; sourceTree = "<group>"; };
		CC2E35A416A25B5A00788D16 /* Terrain.m */ = {isa = PBXFileReference; fileEncoding = 4; lastKnownFileType = sourcecode.c.objc; path = Terrain.m; sourceTree = "<group>"; };
		CC2E35A616A5CC2900788D16 /* map.plist */ = {isa = PBXFileReference; fileEncoding = 4; lastKnownFileType = text.plist.xml; path = map.plist; sourceTree = "<group>"; };
		CC35E67A16AA275500F9F0B1 /* MoveOrders.h */ = {isa = PBXFileReference; fileEncoding = 4; lastKnownFileType = sourcecode.c.h; path = MoveOrders.h; sourceTree = "<group>"; };
		CC35E67B16AA275500F9F0B1 /* MoveOrders.m */ = {isa = PBXFileReference; fileEncoding = 4; lastKnownFileType = sourcecode.c.objc; path = MoveOrders.m; sourceTree = "<group>"; };
		CC35E67D16AA35E300F9F0B1 /* MoveOrdersTests.h */ = {isa = PBXFileReference; fileEncoding = 4; lastKnownFileType = sourcecode.c.h; path = MoveOrdersTests.h; sourceTree = "<group>"; };
		CC35E67E16AA35E300F9F0B1 /* MoveOrdersTests.m */ = {isa = PBXFileReference; fileEncoding = 4; lastKnownFileType = sourcecode.c.objc; path = MoveOrdersTests.m; sourceTree = "<group>"; };
		CC35E68016AF5EE700F9F0B1 /* MapView.h */ = {isa = PBXFileReference; fileEncoding = 4; lastKnownFileType = sourcecode.c.h; path = MapView.h; sourceTree = "<group>"; };
		CC35E68116AF5EE700F9F0B1 /* MapView.m */ = {isa = PBXFileReference; fileEncoding = 4; lastKnownFileType = sourcecode.c.objc; path = MapView.m; sourceTree = "<group>"; };
		CC35E68216AF5EE700F9F0B1 /* UnitView.h */ = {isa = PBXFileReference; fileEncoding = 4; lastKnownFileType = sourcecode.c.h; path = UnitView.h; sourceTree = "<group>"; };
		CC35E68316AF5EE700F9F0B1 /* UnitView.m */ = {isa = PBXFileReference; fileEncoding = 4; lastKnownFileType = sourcecode.c.objc; path = UnitView.m; sourceTree = "<group>"; };
		CC35E68616B5CE0A00F9F0B1 /* portraits.png */ = {isa = PBXFileReference; lastKnownFileType = image.png; path = portraits.png; sourceTree = "<group>"; };
		CC858548167A72610054E60D /* Bull Run.app */ = {isa = PBXFileReference; explicitFileType = wrapper.application; includeInIndex = 0; path = "Bull Run.app"; sourceTree = BUILT_PRODUCTS_DIR; };
		CC85854C167A72610054E60D /* UIKit.framework */ = {isa = PBXFileReference; lastKnownFileType = wrapper.framework; name = UIKit.framework; path = System/Library/Frameworks/UIKit.framework; sourceTree = SDKROOT; };
		CC85854E167A72610054E60D /* Foundation.framework */ = {isa = PBXFileReference; lastKnownFileType = wrapper.framework; name = Foundation.framework; path = System/Library/Frameworks/Foundation.framework; sourceTree = SDKROOT; };
		CC858550167A72610054E60D /* CoreGraphics.framework */ = {isa = PBXFileReference; lastKnownFileType = wrapper.framework; name = CoreGraphics.framework; path = System/Library/Frameworks/CoreGraphics.framework; sourceTree = SDKROOT; };
		CC858554167A72610054E60D /* Bull Run-Info.plist */ = {isa = PBXFileReference; lastKnownFileType = text.plist.xml; path = "Bull Run-Info.plist"; sourceTree = "<group>"; };
		CC858556167A72610054E60D /* en */ = {isa = PBXFileReference; lastKnownFileType = text.plist.strings; name = en; path = en.lproj/InfoPlist.strings; sourceTree = "<group>"; };
		CC85855A167A72610054E60D /* Bull Run-Prefix.pch */ = {isa = PBXFileReference; lastKnownFileType = sourcecode.c.h; path = "Bull Run-Prefix.pch"; sourceTree = "<group>"; };
		CC85855E167A72610054E60D /* Default.png */ = {isa = PBXFileReference; lastKnownFileType = image.png; path = Default.png; sourceTree = "<group>"; };
		CC858560167A72610054E60D /* Default@2x.png */ = {isa = PBXFileReference; lastKnownFileType = image.png; path = "Default@2x.png"; sourceTree = "<group>"; };
		CC858562167A72610054E60D /* Default-568h@2x.png */ = {isa = PBXFileReference; lastKnownFileType = image.png; path = "Default-568h@2x.png"; sourceTree = "<group>"; };
		CC85856F167A72610054E60D /* Bull RunTests.octest */ = {isa = PBXFileReference; explicitFileType = wrapper.cfbundle; includeInIndex = 0; path = "Bull RunTests.octest"; sourceTree = BUILT_PRODUCTS_DIR; };
		CC858570167A72610054E60D /* SenTestingKit.framework */ = {isa = PBXFileReference; lastKnownFileType = wrapper.framework; name = SenTestingKit.framework; path = Library/Frameworks/SenTestingKit.framework; sourceTree = DEVELOPER_DIR; };
		CC858578167A72610054E60D /* Bull RunTests-Info.plist */ = {isa = PBXFileReference; lastKnownFileType = text.plist.xml; path = "Bull RunTests-Info.plist"; sourceTree = "<group>"; };
		CC85857A167A72610054E60D /* en */ = {isa = PBXFileReference; lastKnownFileType = text.plist.strings; name = en; path = en.lproj/InfoPlist.strings; sourceTree = "<group>"; };
		CCDB60CB169E0907006668C2 /* HexMapGeometryTests.h */ = {isa = PBXFileReference; fileEncoding = 4; lastKnownFileType = sourcecode.c.h; path = HexMapGeometryTests.h; sourceTree = "<group>"; };
		CCDB60CC169E0907006668C2 /* HexMapGeometryTests.m */ = {isa = PBXFileReference; fileEncoding = 4; lastKnownFileType = sourcecode.c.objc; path = HexMapGeometryTests.m; sourceTree = "<group>"; };
		CCDB60CE169FCA0F006668C2 /* Game.h */ = {isa = PBXFileReference; fileEncoding = 4; lastKnownFileType = sourcecode.c.h; path = Game.h; sourceTree = "<group>"; };
		CCDB60CF169FCA0F006668C2 /* Game.m */ = {isa = PBXFileReference; fileEncoding = 4; lastKnownFileType = sourcecode.c.objc; path = Game.m; sourceTree = "<group>"; };
		CCDB60DA16A04B30006668C2 /* SysUtil.h */ = {isa = PBXFileReference; fileEncoding = 4; lastKnownFileType = sourcecode.c.h; path = SysUtil.h; sourceTree = "<group>"; };
		CCDB60DB16A04B30006668C2 /* SysUtil.m */ = {isa = PBXFileReference; fileEncoding = 4; lastKnownFileType = sourcecode.c.objc; path = SysUtil.m; sourceTree = "<group>"; };
		CCDB60DD16A04B86006668C2 /* CollectionUtil.h */ = {isa = PBXFileReference; fileEncoding = 4; lastKnownFileType = sourcecode.c.h; path = CollectionUtil.h; sourceTree = "<group>"; };
		CCDB60DE16A04B86006668C2 /* CollectionUtil.m */ = {isa = PBXFileReference; fileEncoding = 4; lastKnownFileType = sourcecode.c.objc; path = CollectionUtil.m; sourceTree = "<group>"; };
		CCDB60E316A04D71006668C2 /* MapViewController.h */ = {isa = PBXFileReference; fileEncoding = 4; lastKnownFileType = sourcecode.c.h; path = MapViewController.h; sourceTree = "<group>"; };
		CCDB60E416A04D71006668C2 /* MapViewController.m */ = {isa = PBXFileReference; fileEncoding = 4; lastKnownFileType = sourcecode.c.objc; path = MapViewController.m; sourceTree = "<group>"; };
		CCDB60E716A04D8C006668C2 /* BRAppDelegate.h */ = {isa = PBXFileReference; fileEncoding = 4; lastKnownFileType = sourcecode.c.h; path = BRAppDelegate.h; sourceTree = "<group>"; };
		CCDB60E816A04D8C006668C2 /* BRAppDelegate.m */ = {isa = PBXFileReference; fileEncoding = 4; lastKnownFileType = sourcecode.c.objc; path = BRAppDelegate.m; sourceTree = "<group>"; };
		CCDB60E916A04D8C006668C2 /* main.m */ = {isa = PBXFileReference; fileEncoding = 4; lastKnownFileType = sourcecode.c.objc; path = main.m; sourceTree = "<group>"; };
		CCDB60ED16A04E43006668C2 /* Hex.h */ = {isa = PBXFileReference; fileEncoding = 4; lastKnownFileType = sourcecode.c.h; path = Hex.h; sourceTree = "<group>"; };
		CCDB60EE16A04E43006668C2 /* Hex.m */ = {isa = PBXFileReference; fileEncoding = 4; lastKnownFileType = sourcecode.c.objc; path = Hex.m; sourceTree = "<group>"; };
		CCDB60EF16A04E43006668C2 /* HexMapCoordinateTransformer.h */ = {isa = PBXFileReference; fileEncoding = 4; lastKnownFileType = sourcecode.c.h; path = HexMapCoordinateTransformer.h; sourceTree = "<group>"; };
		CCDB60F016A04E43006668C2 /* HexMapCoordinateTransformer.m */ = {isa = PBXFileReference; fileEncoding = 4; lastKnownFileType = sourcecode.c.objc; path = HexMapCoordinateTransformer.m; sourceTree = "<group>"; };
		CCDB60F116A04E43006668C2 /* HexMapGeometry.h */ = {isa = PBXFileReference; fileEncoding = 4; lastKnownFileType = sourcecode.c.h; path = HexMapGeometry.h; sourceTree = "<group>"; };
		CCDB60F216A04E43006668C2 /* HexMapGeometry.m */ = {isa = PBXFileReference; fileEncoding = 4; lastKnownFileType = sourcecode.c.objc; path = HexMapGeometry.m; sourceTree = "<group>"; };
		CCDB60F716A04E96006668C2 /* InfoBarView.h */ = {isa = PBXFileReference; fileEncoding = 4; lastKnownFileType = sourcecode.c.h; path = InfoBarView.h; sourceTree = "<group>"; };
		CCDB60F816A04E96006668C2 /* InfoBarView.m */ = {isa = PBXFileReference; fileEncoding = 4; lastKnownFileType = sourcecode.c.objc; path = InfoBarView.m; sourceTree = "<group>"; };
		CCDB60FC16A04EF2006668C2 /* map.png */ = {isa = PBXFileReference; lastKnownFileType = image.png; path = map.png; sourceTree = "<group>"; };
		CCDB60FE16A04EF2006668C2 /* map.pspimage */ = {isa = PBXFileReference; lastKnownFileType = file; path = map.pspimage; sourceTree = "<group>"; };
		CCDB60FF16A04EF2006668C2 /* units.plist */ = {isa = PBXFileReference; fileEncoding = 4; lastKnownFileType = text.plist.xml; path = units.plist; sourceTree = "<group>"; };
		CCDB610116A04EF2006668C2 /* InfoBarView.xib */ = {isa = PBXFileReference; fileEncoding = 4; lastKnownFileType = file.xib; path = InfoBarView.xib; sourceTree = "<group>"; };
		CCDB610216A04EF2006668C2 /* MapViewController.xib */ = {isa = PBXFileReference; fileEncoding = 4; lastKnownFileType = file.xib; path = MapViewController.xib; sourceTree = "<group>"; };
/* End PBXFileReference section */

/* Begin PBXFrameworksBuildPhase section */
		CC858545167A72600054E60D /* Frameworks */ = {
			isa = PBXFrameworksBuildPhase;
			buildActionMask = 2147483647;
			files = (
				CC0CF3EF169916E2006D902D /* QuartzCore.framework in Frameworks */,
				CC85854D167A72610054E60D /* UIKit.framework in Frameworks */,
				CC85854F167A72610054E60D /* Foundation.framework in Frameworks */,
				CC858551167A72610054E60D /* CoreGraphics.framework in Frameworks */,
			);
			runOnlyForDeploymentPostprocessing = 0;
		};
		CC85856B167A72610054E60D /* Frameworks */ = {
			isa = PBXFrameworksBuildPhase;
			buildActionMask = 2147483647;
			files = (
				CC858571167A72610054E60D /* SenTestingKit.framework in Frameworks */,
				CC858572167A72610054E60D /* UIKit.framework in Frameworks */,
				CC858573167A72610054E60D /* Foundation.framework in Frameworks */,
			);
			runOnlyForDeploymentPostprocessing = 0;
		};
/* End PBXFrameworksBuildPhase section */

/* Begin PBXGroup section */
		CC85853D167A72600054E60D = {
			isa = PBXGroup;
			children = (
				CCDB60E616A04D8C006668C2 /* AppDelegate */,
				CC858552167A72610054E60D /* Bull Run */,
				CC858576167A72610054E60D /* Bull RunTests */,
				CCDB60E216A04D71006668C2 /* Controllers */,
				CC85854B167A72610054E60D /* Frameworks */,
				CCDB60EC16A04E43006668C2 /* HexMap */,
				CC858549167A72610054E60D /* Products */,
				CC0CF380168A4E72006D902D /* README.textile */,
				CCDB60FA16A04EF2006668C2 /* Resources */,
				CCDB60D916A04B30006668C2 /* Util */,
				CCDB60F616A04E96006668C2 /* Views */,
			);
			sourceTree = "<group>";
			wrapsLines = 0;
		};
		CC858549167A72610054E60D /* Products */ = {
			isa = PBXGroup;
			children = (
				CC858548167A72610054E60D /* Bull Run.app */,
				CC85856F167A72610054E60D /* Bull RunTests.octest */,
			);
			name = Products;
			sourceTree = "<group>";
		};
		CC85854B167A72610054E60D /* Frameworks */ = {
			isa = PBXGroup;
			children = (
				CC0CF3EE169916E2006D902D /* QuartzCore.framework */,
				CC85854C167A72610054E60D /* UIKit.framework */,
				CC85854E167A72610054E60D /* Foundation.framework */,
				CC858550167A72610054E60D /* CoreGraphics.framework */,
				CC858570167A72610054E60D /* SenTestingKit.framework */,
			);
			name = Frameworks;
			sourceTree = "<group>";
		};
		CC858552167A72610054E60D /* Bull Run */ = {
			isa = PBXGroup;
			children = (
				CC2E359E16A0D31400788D16 /* Board.h */,
				CC2E359F16A0D31400788D16 /* Board.m */,
				CC0CF3E91698CB40006D902D /* BullRun.h */,
				CCDB60CE169FCA0F006668C2 /* Game.h */,
				CCDB60CF169FCA0F006668C2 /* Game.m */,
				CC35E67A16AA275500F9F0B1 /* MoveOrders.h */,
				CC35E67B16AA275500F9F0B1 /* MoveOrders.m */,
				CC0CF3E616989B50006D902D /* OrderOfBattle.h */,
				CC0CF3E716989B51006D902D /* OrderOfBattle.m */,
				CC858553167A72610054E60D /* Supporting Files */,
				CC2E35A316A25B5A00788D16 /* Terrain.h */,
				CC2E35A416A25B5A00788D16 /* Terrain.m */,
				CC0CF3E316989A3C006D902D /* Unit.h */,
				CC0CF3E416989A3C006D902D /* Unit.m */,
			);
			path = "Bull Run";
			sourceTree = "<group>";
		};
		CC858553167A72610054E60D /* Supporting Files */ = {
			isa = PBXGroup;
			children = (
				CC858554167A72610054E60D /* Bull Run-Info.plist */,
				CC858555167A72610054E60D /* InfoPlist.strings */,
				CC85855A167A72610054E60D /* Bull Run-Prefix.pch */,
				CC85855E167A72610054E60D /* Default.png */,
				CC858560167A72610054E60D /* Default@2x.png */,
				CC858562167A72610054E60D /* Default-568h@2x.png */,
			);
			name = "Supporting Files";
			sourceTree = "<group>";
		};
		CC858576167A72610054E60D /* Bull RunTests */ = {
			isa = PBXGroup;
			children = (
				CC858577167A72610054E60D /* Supporting Files */,
				CCDB60CB169E0907006668C2 /* HexMapGeometryTests.h */,
				CCDB60CC169E0907006668C2 /* HexMapGeometryTests.m */,
				CC35E67D16AA35E300F9F0B1 /* MoveOrdersTests.h */,
				CC35E67E16AA35E300F9F0B1 /* MoveOrdersTests.m */,
			);
			path = "Bull RunTests";
			sourceTree = "<group>";
		};
		CC858577167A72610054E60D /* Supporting Files */ = {
			isa = PBXGroup;
			children = (
				CC858578167A72610054E60D /* Bull RunTests-Info.plist */,
				CC858579167A72610054E60D /* InfoPlist.strings */,
			);
			name = "Supporting Files";
			sourceTree = "<group>";
		};
		CCDB60D916A04B30006668C2 /* Util */ = {
			isa = PBXGroup;
			children = (
				CCDB60DD16A04B86006668C2 /* CollectionUtil.h */,
				CCDB60DE16A04B86006668C2 /* CollectionUtil.m */,
				CCDB60DA16A04B30006668C2 /* SysUtil.h */,
				CCDB60DB16A04B30006668C2 /* SysUtil.m */,
			);
			path = Util;
			sourceTree = "<group>";
		};
		CCDB60E216A04D71006668C2 /* Controllers */ = {
			isa = PBXGroup;
			children = (
				CCDB60E316A04D71006668C2 /* MapViewController.h */,
				CCDB60E416A04D71006668C2 /* MapViewController.m */,
			);
			path = Controllers;
			sourceTree = "<group>";
		};
		CCDB60E616A04D8C006668C2 /* AppDelegate */ = {
			isa = PBXGroup;
			children = (
				CCDB60E716A04D8C006668C2 /* BRAppDelegate.h */,
				CCDB60E816A04D8C006668C2 /* BRAppDelegate.m */,
				CCDB60E916A04D8C006668C2 /* main.m */,
			);
			path = AppDelegate;
			sourceTree = "<group>";
		};
		CCDB60EC16A04E43006668C2 /* HexMap */ = {
			isa = PBXGroup;
			children = (
				CCDB60ED16A04E43006668C2 /* Hex.h */,
				CCDB60EE16A04E43006668C2 /* Hex.m */,
				CCDB60EF16A04E43006668C2 /* HexMapCoordinateTransformer.h */,
				CCDB60F016A04E43006668C2 /* HexMapCoordinateTransformer.m */,
				CCDB60F116A04E43006668C2 /* HexMapGeometry.h */,
				CCDB60F216A04E43006668C2 /* HexMapGeometry.m */,
			);
			path = HexMap;
			sourceTree = "<group>";
		};
		CCDB60F616A04E96006668C2 /* Views */ = {
			isa = PBXGroup;
			children = (
				CC35E68016AF5EE700F9F0B1 /* MapView.h */,
				CC35E68116AF5EE700F9F0B1 /* MapView.m */,
				CC35E68216AF5EE700F9F0B1 /* UnitView.h */,
				CC35E68316AF5EE700F9F0B1 /* UnitView.m */,
				CCDB60F716A04E96006668C2 /* InfoBarView.h */,
				CCDB60F816A04E96006668C2 /* InfoBarView.m */,
			);
			path = Views;
			sourceTree = "<group>";
		};
		CCDB60FA16A04EF2006668C2 /* Resources */ = {
			isa = PBXGroup;
			children = (
				CCDB60FB16A04EF2006668C2 /* Images */,
				CC2E35A616A5CC2900788D16 /* map.plist */,
				CCDB60FF16A04EF2006668C2 /* units.plist */,
				CCDB610016A04EF2006668C2 /* XIBs */,
			);
			path = Resources;
			sourceTree = "<group>";
		};
		CCDB60FB16A04EF2006668C2 /* Images */ = {
			isa = PBXGroup;
			children = (
				CC35E68616B5CE0A00F9F0B1 /* portraits.png */,
				CCDB60FC16A04EF2006668C2 /* map.png */,
				CCDB60FD16A04EF2006668C2 /* src */,
			);
			path = Images;
			sourceTree = "<group>";
		};
		CCDB60FD16A04EF2006668C2 /* src */ = {
			isa = PBXGroup;
			children = (
				CCDB60FE16A04EF2006668C2 /* map.pspimage */,
			);
			path = src;
			sourceTree = "<group>";
		};
		CCDB610016A04EF2006668C2 /* XIBs */ = {
			isa = PBXGroup;
			children = (
				CCDB610116A04EF2006668C2 /* InfoBarView.xib */,
				CCDB610216A04EF2006668C2 /* MapViewController.xib */,
			);
			path = XIBs;
			sourceTree = "<group>";
		};
/* End PBXGroup section */

/* Begin PBXNativeTarget section */
		CC858547167A72600054E60D /* Bull Run */ = {
			isa = PBXNativeTarget;
			buildConfigurationList = CC858581167A72610054E60D /* Build configuration list for PBXNativeTarget "Bull Run" */;
			buildPhases = (
				CC858544167A72600054E60D /* Sources */,
				CC858545167A72600054E60D /* Frameworks */,
				CC858546167A72600054E60D /* Resources */,
			);
			buildRules = (
			);
			dependencies = (
			);
			name = "Bull Run";
			productName = "Bull Run";
			productReference = CC858548167A72610054E60D /* Bull Run.app */;
			productType = "com.apple.product-type.application";
		};
		CC85856E167A72610054E60D /* Bull RunTests */ = {
			isa = PBXNativeTarget;
			buildConfigurationList = CC858584167A72610054E60D /* Build configuration list for PBXNativeTarget "Bull RunTests" */;
			buildPhases = (
				CC85856A167A72610054E60D /* Sources */,
				CC85856B167A72610054E60D /* Frameworks */,
				CC85856C167A72610054E60D /* Resources */,
				CC85856D167A72610054E60D /* ShellScript */,
			);
			buildRules = (
			);
			dependencies = (
				CC858575167A72610054E60D /* PBXTargetDependency */,
			);
			name = "Bull RunTests";
			productName = "Bull RunTests";
			productReference = CC85856F167A72610054E60D /* Bull RunTests.octest */;
			productType = "com.apple.product-type.bundle";
		};
/* End PBXNativeTarget section */

/* Begin PBXProject section */
		CC85853F167A72600054E60D /* Project object */ = {
			isa = PBXProject;
			attributes = {
				CLASSPREFIX = BR;
				LastUpgradeCheck = 0450;
				ORGANIZATIONNAME = "Dave Townsend";
			};
			buildConfigurationList = CC858542167A72600054E60D /* Build configuration list for PBXProject "Bull Run" */;
			compatibilityVersion = "Xcode 3.2";
			developmentRegion = English;
			hasScannedForEncodings = 0;
			knownRegions = (
				en,
			);
			mainGroup = CC85853D167A72600054E60D;
			productRefGroup = CC858549167A72610054E60D /* Products */;
			projectDirPath = "";
			projectRoot = "";
			targets = (
				CC858547167A72600054E60D /* Bull Run */,
				CC85856E167A72610054E60D /* Bull RunTests */,
			);
		};
/* End PBXProject section */

/* Begin PBXResourcesBuildPhase section */
		CC858546167A72600054E60D /* Resources */ = {
			isa = PBXResourcesBuildPhase;
			buildActionMask = 2147483647;
			files = (
				CC858557167A72610054E60D /* InfoPlist.strings in Resources */,
				CC85855F167A72610054E60D /* Default.png in Resources */,
				CC858561167A72610054E60D /* Default@2x.png in Resources */,
				CC858563167A72610054E60D /* Default-568h@2x.png in Resources */,
				CC0CF381168A4E72006D902D /* README.textile in Resources */,
				CCDB610316A04EF2006668C2 /* map.png in Resources */,
				CCDB610416A04EF2006668C2 /* map.pspimage in Resources */,
				CCDB610516A04EF2006668C2 /* units.plist in Resources */,
				CCDB610616A04EF2006668C2 /* InfoBarView.xib in Resources */,
				CCDB610716A04EF2006668C2 /* MapViewController.xib in Resources */,
				CC2E35A716A5CC2A00788D16 /* map.plist in Resources */,
				CC35E68716B5CE0A00F9F0B1 /* portraits.png in Resources */,
			);
			runOnlyForDeploymentPostprocessing = 0;
		};
		CC85856C167A72610054E60D /* Resources */ = {
			isa = PBXResourcesBuildPhase;
			buildActionMask = 2147483647;
			files = (
				CC85857B167A72610054E60D /* InfoPlist.strings in Resources */,
			);
			runOnlyForDeploymentPostprocessing = 0;
		};
/* End PBXResourcesBuildPhase section */

/* Begin PBXShellScriptBuildPhase section */
		CC85856D167A72610054E60D /* ShellScript */ = {
			isa = PBXShellScriptBuildPhase;
			buildActionMask = 2147483647;
			files = (
			);
			inputPaths = (
			);
			outputPaths = (
			);
			runOnlyForDeploymentPostprocessing = 0;
			shellPath = /bin/sh;
			shellScript = "# Run the unit tests in this test bundle.\n\"${SYSTEM_DEVELOPER_DIR}/Tools/RunUnitTests\"\n";
		};
/* End PBXShellScriptBuildPhase section */

/* Begin PBXSourcesBuildPhase section */
		CC858544167A72600054E60D /* Sources */ = {
			isa = PBXSourcesBuildPhase;
			buildActionMask = 2147483647;
			files = (
				CC2E35A216A1135B00788D16 /* CollectionUtil.m in Sources */,
				CC0CF3E516989A3D006D902D /* Unit.m in Sources */,
				CC0CF3E816989B52006D902D /* OrderOfBattle.m in Sources */,
				CCDB60D0169FCA10006668C2 /* Game.m in Sources */,
				CCDB60DC16A04B30006668C2 /* SysUtil.m in Sources */,
				CCDB60E516A04D71006668C2 /* MapViewController.m in Sources */,
				CCDB60EA16A04D8C006668C2 /* BRAppDelegate.m in Sources */,
				CCDB60EB16A04D8C006668C2 /* main.m in Sources */,
				CCDB60F316A04E43006668C2 /* Hex.m in Sources */,
				CCDB60F416A04E43006668C2 /* HexMapCoordinateTransformer.m in Sources */,
				CCDB60F516A04E43006668C2 /* HexMapGeometry.m in Sources */,
				CCDB60F916A04E96006668C2 /* InfoBarView.m in Sources */,
				CC2E35A016A0D31400788D16 /* Board.m in Sources */,
				CC2E35A516A25B5A00788D16 /* Terrain.m in Sources */,
				CC35E67C16AA275500F9F0B1 /* MoveOrders.m in Sources */,
				CC35E68416AF5EE700F9F0B1 /* MapView.m in Sources */,
				CC35E68516AF5EE700F9F0B1 /* UnitView.m in Sources */,
			);
			runOnlyForDeploymentPostprocessing = 0;
		};
		CC85856A167A72610054E60D /* Sources */ = {
			isa = PBXSourcesBuildPhase;
			buildActionMask = 2147483647;
			files = (
				CCDB60CD169E0907006668C2 /* HexMapGeometryTests.m in Sources */,
				CCDB60DF16A04B86006668C2 /* CollectionUtil.m in Sources */,
				CC35E67F16AA35E300F9F0B1 /* MoveOrdersTests.m in Sources */,
			);
			runOnlyForDeploymentPostprocessing = 0;
		};
/* End PBXSourcesBuildPhase section */

/* Begin PBXTargetDependency section */
		CC858575167A72610054E60D /* PBXTargetDependency */ = {
			isa = PBXTargetDependency;
			target = CC858547167A72600054E60D /* Bull Run */;
			targetProxy = CC858574167A72610054E60D /* PBXContainerItemProxy */;
		};
/* End PBXTargetDependency section */

/* Begin PBXVariantGroup section */
		CC858555167A72610054E60D /* InfoPlist.strings */ = {
			isa = PBXVariantGroup;
			children = (
				CC858556167A72610054E60D /* en */,
			);
			name = InfoPlist.strings;
			sourceTree = "<group>";
		};
		CC858579167A72610054E60D /* InfoPlist.strings */ = {
			isa = PBXVariantGroup;
			children = (
				CC85857A167A72610054E60D /* en */,
			);
			name = InfoPlist.strings;
			sourceTree = "<group>";
		};
/* End PBXVariantGroup section */

/* Begin XCBuildConfiguration section */
		CC85857F167A72610054E60D /* Debug */ = {
			isa = XCBuildConfiguration;
			buildSettings = {
				ALWAYS_SEARCH_USER_PATHS = NO;
				CLANG_CXX_LANGUAGE_STANDARD = "gnu++0x";
				CLANG_CXX_LIBRARY = "libc++";
				CLANG_ENABLE_OBJC_ARC = YES;
				CLANG_WARN_EMPTY_BODY = YES;
				CLANG_WARN__DUPLICATE_METHOD_MATCH = YES;
				"CODE_SIGN_IDENTITY[sdk=iphoneos*]" = "iPhone Developer";
				COPY_PHASE_STRIP = NO;
				GCC_C_LANGUAGE_STANDARD = gnu99;
				GCC_DYNAMIC_NO_PIC = NO;
				GCC_OPTIMIZATION_LEVEL = 0;
				GCC_PREPROCESSOR_DEFINITIONS = (
					"DEBUG=1",
					"$(inherited)",
				);
				GCC_SYMBOLS_PRIVATE_EXTERN = NO;
				GCC_WARN_ABOUT_RETURN_TYPE = YES;
				GCC_WARN_UNINITIALIZED_AUTOS = YES;
				GCC_WARN_UNUSED_VARIABLE = YES;
				IPHONEOS_DEPLOYMENT_TARGET = 6.0;
				ONLY_ACTIVE_ARCH = YES;
				SDKROOT = iphoneos;
				TARGETED_DEVICE_FAMILY = 2;
			};
			name = Debug;
		};
		CC858580167A72610054E60D /* Release */ = {
			isa = XCBuildConfiguration;
			buildSettings = {
				ALWAYS_SEARCH_USER_PATHS = NO;
				CLANG_CXX_LANGUAGE_STANDARD = "gnu++0x";
				CLANG_CXX_LIBRARY = "libc++";
				CLANG_ENABLE_OBJC_ARC = YES;
				CLANG_WARN_EMPTY_BODY = YES;
				CLANG_WARN__DUPLICATE_METHOD_MATCH = YES;
				"CODE_SIGN_IDENTITY[sdk=iphoneos*]" = "iPhone Developer";
				COPY_PHASE_STRIP = YES;
				GCC_C_LANGUAGE_STANDARD = gnu99;
				GCC_WARN_ABOUT_RETURN_TYPE = YES;
				GCC_WARN_UNINITIALIZED_AUTOS = YES;
				GCC_WARN_UNUSED_VARIABLE = YES;
				IPHONEOS_DEPLOYMENT_TARGET = 6.0;
				OTHER_CFLAGS = "-DNS_BLOCK_ASSERTIONS=1";
				SDKROOT = iphoneos;
				TARGETED_DEVICE_FAMILY = 2;
				VALIDATE_PRODUCT = YES;
			};
			name = Release;
		};
		CC858582167A72610054E60D /* Debug */ = {
			isa = XCBuildConfiguration;
			buildSettings = {
				GCC_PRECOMPILE_PREFIX_HEADER = YES;
				GCC_PREFIX_HEADER = "Bull Run/Bull Run-Prefix.pch";
				GCC_TREAT_WARNINGS_AS_ERRORS = YES;
				INFOPLIST_FILE = "Bull Run/Bull Run-Info.plist";
				PRODUCT_NAME = "$(TARGET_NAME)";
				WRAPPER_EXTENSION = app;
			};
			name = Debug;
		};
		CC858583167A72610054E60D /* Release */ = {
			isa = XCBuildConfiguration;
			buildSettings = {
				GCC_PRECOMPILE_PREFIX_HEADER = YES;
				GCC_PREFIX_HEADER = "Bull Run/Bull Run-Prefix.pch";
				GCC_TREAT_WARNINGS_AS_ERRORS = YES;
				INFOPLIST_FILE = "Bull Run/Bull Run-Info.plist";
				PRODUCT_NAME = "$(TARGET_NAME)";
				WRAPPER_EXTENSION = app;
			};
			name = Release;
		};
		CC858585167A72610054E60D /* Debug */ = {
			isa = XCBuildConfiguration;
			buildSettings = {
				BUNDLE_LOADER = "$(BUILT_PRODUCTS_DIR)/Bull Run.app/Bull Run";
				FRAMEWORK_SEARCH_PATHS = (
					"\"$(SDKROOT)/Developer/Library/Frameworks\"",
					"\"$(DEVELOPER_LIBRARY_DIR)/Frameworks\"",
				);
				GCC_PRECOMPILE_PREFIX_HEADER = YES;
				GCC_PREFIX_HEADER = "Bull Run/Bull Run-Prefix.pch";
				INFOPLIST_FILE = "Bull RunTests/Bull RunTests-Info.plist";
				PRODUCT_NAME = "$(TARGET_NAME)";
				TEST_HOST = "$(BUNDLE_LOADER)";
				WRAPPER_EXTENSION = octest;
			};
			name = Debug;
		};
		CC858586167A72610054E60D /* Release */ = {
			isa = XCBuildConfiguration;
			buildSettings = {
				BUNDLE_LOADER = "$(BUILT_PRODUCTS_DIR)/Bull Run.app/Bull Run";
				FRAMEWORK_SEARCH_PATHS = (
					"\"$(SDKROOT)/Developer/Library/Frameworks\"",
					"\"$(DEVELOPER_LIBRARY_DIR)/Frameworks\"",
				);
				GCC_PRECOMPILE_PREFIX_HEADER = YES;
				GCC_PREFIX_HEADER = "Bull Run/Bull Run-Prefix.pch";
				INFOPLIST_FILE = "Bull RunTests/Bull RunTests-Info.plist";
				PRODUCT_NAME = "$(TARGET_NAME)";
				TEST_HOST = "$(BUNDLE_LOADER)";
				WRAPPER_EXTENSION = octest;
			};
			name = Release;
		};
/* End XCBuildConfiguration section */

/* Begin XCConfigurationList section */
		CC858542167A72600054E60D /* Build configuration list for PBXProject "Bull Run" */ = {
			isa = XCConfigurationList;
			buildConfigurations = (
				CC85857F167A72610054E60D /* Debug */,
				CC858580167A72610054E60D /* Release */,
			);
			defaultConfigurationIsVisible = 0;
			defaultConfigurationName = Release;
		};
		CC858581167A72610054E60D /* Build configuration list for PBXNativeTarget "Bull Run" */ = {
			isa = XCConfigurationList;
			buildConfigurations = (
				CC858582167A72610054E60D /* Debug */,
				CC858583167A72610054E60D /* Release */,
			);
			defaultConfigurationIsVisible = 0;
			defaultConfigurationName = Release;
		};
		CC858584167A72610054E60D /* Build configuration list for PBXNativeTarget "Bull RunTests" */ = {
			isa = XCConfigurationList;
			buildConfigurations = (
				CC858585167A72610054E60D /* Debug */,
				CC858586167A72610054E60D /* Release */,
			);
			defaultConfigurationIsVisible = 0;
			defaultConfigurationName = Release;
		};
/* End XCConfigurationList section */
	};
	rootObject = CC85853F167A72600054E60D /* Project object */;
}
