// !$*UTF8*$!
{
	archiveVersion = 1;
	classes = {
	};
	objectVersion = 46;
	objects = {

/* Begin PBXBuildFile section */
		CC0805A916D3085000CB8C79 /* BABattleReport.m in Sources */ = {isa = PBXBuildFile; fileRef = CC0805A816D3085000CB8C79 /* BABattleReport.m */; };
		CC0805AD16D5869E00CB8C79 /* BAReinforcementInfo.m in Sources */ = {isa = PBXBuildFile; fileRef = CC0805AC16D5869E00CB8C79 /* BAReinforcementInfo.m */; };
		CC0CF381168A4E72006D902D /* README.textile in Resources */ = {isa = PBXBuildFile; fileRef = CC0CF380168A4E72006D902D /* README.textile */; };
		CC0CF3EF169916E2006D902D /* QuartzCore.framework in Frameworks */ = {isa = PBXBuildFile; fileRef = CC0CF3EE169916E2006D902D /* QuartzCore.framework */; };
		CC1B671C16DC4B9F0078B20B /* bullet.png in Resources */ = {isa = PBXBuildFile; fileRef = CC1B671B16DC4B9F0078B20B /* bullet.png */; };
		CC1B672A16DFA5C00078B20B /* BAAGunfire.m in Sources */ = {isa = PBXBuildFile; fileRef = CC1B672816DFA5C00078B20B /* BAAGunfire.m */; };
		CC25F47D1765748F00F104BE /* Beauregard+Strategy.m in Sources */ = {isa = PBXBuildFile; fileRef = CC25F47C1765748F00F104BE /* Beauregard+Strategy.m */; };
		CC25F481176E455E00F104BE /* Beauregard+Tactics.m in Sources */ = {isa = PBXBuildFile; fileRef = CC25F480176E455E00F104BE /* Beauregard+Tactics.m */; };
		CC25F4B31774C92900F104BE /* NSValue+HXMHex.m in Sources */ = {isa = PBXBuildFile; fileRef = CC25F4B21774C92600F104BE /* NSValue+HXMHex.m */; };
		CC35E68416AF5EE700F9F0B1 /* MapView.m in Sources */ = {isa = PBXBuildFile; fileRef = CC35E68116AF5EE700F9F0B1 /* MapView.m */; };
		CC35E68516AF5EE700F9F0B1 /* UnitView.m in Sources */ = {isa = PBXBuildFile; fileRef = CC35E68316AF5EE700F9F0B1 /* UnitView.m */; };
		CC35E68716B5CE0A00F9F0B1 /* portraits.png in Resources */ = {isa = PBXBuildFile; fileRef = CC35E68616B5CE0A00F9F0B1 /* portraits.png */; };
		CC392E3C16D5A6BE00160B82 /* BAOrderOfBattle.m in Sources */ = {isa = PBXBuildFile; fileRef = CC392E3B16D5A6BE00160B82 /* BAOrderOfBattle.m */; };
		CC392E3F16D5A84500160B82 /* BAUnit.m in Sources */ = {isa = PBXBuildFile; fileRef = CC392E3E16D5A84500160B82 /* BAUnit.m */; };
		CC392E4216D5ACEC00160B82 /* BAGame.m in Sources */ = {isa = PBXBuildFile; fileRef = CC392E4116D5ACEB00160B82 /* BAGame.m */; };
		CC392E4516D5AE4C00160B82 /* BAMoveOrders.m in Sources */ = {isa = PBXBuildFile; fileRef = CC392E4416D5AE4C00160B82 /* BAMoveOrders.m */; };
		CC392E4B16D5AFD400160B82 /* HXMHexMapGeometryTests.m in Sources */ = {isa = PBXBuildFile; fileRef = CC392E4A16D5AFD400160B82 /* HXMHexMapGeometryTests.m */; };
		CC392E4E16D5B04F00160B82 /* BAMoveOrdersTests.m in Sources */ = {isa = PBXBuildFile; fileRef = CC392E4D16D5B04F00160B82 /* BAMoveOrdersTests.m */; };
		CC523555173A7F1700CDBDC5 /* McDowell.m in Sources */ = {isa = PBXBuildFile; fileRef = CC523554173A7F1700CDBDC5 /* McDowell.m */; };
		CC523558173A9BA700CDBDC5 /* Beauregard.m in Sources */ = {isa = PBXBuildFile; fileRef = CC523557173A9BA700CDBDC5 /* Beauregard.m */; };
		CC52355B173D97E500CDBDC5 /* BRMap.m in Sources */ = {isa = PBXBuildFile; fileRef = CC52355A173D97E500CDBDC5 /* BRMap.m */; };
		CC52355E173DD36200CDBDC5 /* BRGame.m in Sources */ = {isa = PBXBuildFile; fileRef = CC52355D173DD36200CDBDC5 /* BRGame.m */; };
		CC65EB8C16BF3EE400C47BD0 /* units.plist in Resources */ = {isa = PBXBuildFile; fileRef = CC65EB8B16BF3EE400C47BD0 /* units.plist */; };
		CC85854D167A72610054E60D /* UIKit.framework in Frameworks */ = {isa = PBXBuildFile; fileRef = CC85854C167A72610054E60D /* UIKit.framework */; };
		CC85854F167A72610054E60D /* Foundation.framework in Frameworks */ = {isa = PBXBuildFile; fileRef = CC85854E167A72610054E60D /* Foundation.framework */; };
		CC858551167A72610054E60D /* CoreGraphics.framework in Frameworks */ = {isa = PBXBuildFile; fileRef = CC858550167A72610054E60D /* CoreGraphics.framework */; };
		CC858557167A72610054E60D /* InfoPlist.strings in Resources */ = {isa = PBXBuildFile; fileRef = CC858555167A72610054E60D /* InfoPlist.strings */; };
		CC85855F167A72610054E60D /* Default.png in Resources */ = {isa = PBXBuildFile; fileRef = CC85855E167A72610054E60D /* Default.png */; };
		CC858561167A72610054E60D /* Default@2x.png in Resources */ = {isa = PBXBuildFile; fileRef = CC858560167A72610054E60D /* Default@2x.png */; };
		CC858563167A72610054E60D /* Default-568h@2x.png in Resources */ = {isa = PBXBuildFile; fileRef = CC858562167A72610054E60D /* Default-568h@2x.png */; };
		CC858571167A72610054E60D /* SenTestingKit.framework in Frameworks */ = {isa = PBXBuildFile; fileRef = CC858570167A72610054E60D /* SenTestingKit.framework */; };
		CC858572167A72610054E60D /* UIKit.framework in Frameworks */ = {isa = PBXBuildFile; fileRef = CC85854C167A72610054E60D /* UIKit.framework */; };
		CC858573167A72610054E60D /* Foundation.framework in Frameworks */ = {isa = PBXBuildFile; fileRef = CC85854E167A72610054E60D /* Foundation.framework */; };
		CC85857B167A72610054E60D /* InfoPlist.strings in Resources */ = {isa = PBXBuildFile; fileRef = CC858579167A72610054E60D /* InfoPlist.strings */; };
		CCC71D5616CC6EE9003636E3 /* HXMCoordinateTransformer.m in Sources */ = {isa = PBXBuildFile; fileRef = CCC71D5516CC6EE9003636E3 /* HXMCoordinateTransformer.m */; };
		CCC71D5716CC6F0B003636E3 /* HXMCoordinateTransformer.m in Sources */ = {isa = PBXBuildFile; fileRef = CCC71D5516CC6EE9003636E3 /* HXMCoordinateTransformer.m */; };
		CCC71D5A16CC711E003636E3 /* HMMap.m in Sources */ = {isa = PBXBuildFile; fileRef = CCC71D5916CC711E003636E3 /* HMMap.m */; };
		CCC71D5D16CC72FF003636E3 /* HXMMapZone.m in Sources */ = {isa = PBXBuildFile; fileRef = CCC71D5C16CC72FF003636E3 /* HXMMapZone.m */; };
		CCC71D6016CC747B003636E3 /* HXMTerrainEffect.m in Sources */ = {isa = PBXBuildFile; fileRef = CCC71D5F16CC747B003636E3 /* HXMTerrainEffect.m */; };
		CCDB60E516A04D71006668C2 /* MapViewController.m in Sources */ = {isa = PBXBuildFile; fileRef = CCDB60E416A04D71006668C2 /* MapViewController.m */; };
		CCDB60EA16A04D8C006668C2 /* BRAppDelegate.m in Sources */ = {isa = PBXBuildFile; fileRef = CCDB60E816A04D8C006668C2 /* BRAppDelegate.m */; };
		CCDB60EB16A04D8C006668C2 /* main.m in Sources */ = {isa = PBXBuildFile; fileRef = CCDB60E916A04D8C006668C2 /* main.m */; };
		CCDB60F916A04E96006668C2 /* InfoBarView.m in Sources */ = {isa = PBXBuildFile; fileRef = CCDB60F816A04E96006668C2 /* InfoBarView.m */; };
		CCDB610316A04EF2006668C2 /* map.png in Resources */ = {isa = PBXBuildFile; fileRef = CCDB60FC16A04EF2006668C2 /* map.png */; };
		CCDB610616A04EF2006668C2 /* InfoBarView.xib in Resources */ = {isa = PBXBuildFile; fileRef = CCDB610116A04EF2006668C2 /* InfoBarView.xib */; };
		CCDB610716A04EF2006668C2 /* MapViewController.xib in Resources */ = {isa = PBXBuildFile; fileRef = CCDB610216A04EF2006668C2 /* MapViewController.xib */; };
		CCE03F611713A3C600C5A217 /* BAAAnimationList.m in Sources */ = {isa = PBXBuildFile; fileRef = CCE03F5F1713A0D500C5A217 /* BAAAnimationList.m */; };
		CCE03F6517162FE100C5A217 /* BAAAnimationListItemCombat.m in Sources */ = {isa = PBXBuildFile; fileRef = CCE03F6417162FE100C5A217 /* BAAAnimationListItemCombat.m */; };
		CCE03F6B171BA62100C5A217 /* BAAAnimationListItemMove.m in Sources */ = {isa = PBXBuildFile; fileRef = CCE03F6A171BA62100C5A217 /* BAAAnimationListItemMove.m */; };
		CCE03F6E171E278E00C5A217 /* BAAAnimationListItem.m in Sources */ = {isa = PBXBuildFile; fileRef = CCE03F6D171E278E00C5A217 /* BAAAnimationListItem.m */; };
		CCF01A9A174D9705003A1C77 /* McDowell+Strategy.m in Sources */ = {isa = PBXBuildFile; fileRef = CCF01A99174D9705003A1C77 /* McDowell+Strategy.m */; };
		CCF01AA0174FFECA003A1C77 /* BAAIInfluenceMap.m in Sources */ = {isa = PBXBuildFile; fileRef = CCF01A9F174FFECA003A1C77 /* BAAIInfluenceMap.m */; };
		CCF01AA317510DB2003A1C77 /* McDowell+Tactics.m in Sources */ = {isa = PBXBuildFile; fileRef = CCF01AA217510DB2003A1C77 /* McDowell+Tactics.m */; };
		CCF01AA917568767003A1C77 /* HXMPathFinder.m in Sources */ = {isa = PBXBuildFile; fileRef = CCF01AA817568767003A1C77 /* HXMPathFinder.m */; };
		CCF01AB21758EC7C003A1C77 /* HXMPathFinderTests.m in Sources */ = {isa = PBXBuildFile; fileRef = CCF01AB11758EC7C003A1C77 /* HXMPathFinderTests.m */; };
		CCF01AB5175E70F0003A1C77 /* DPTResizableBuffer.m in Sources */ = {isa = PBXBuildFile; fileRef = CCF01AB4175E70F0003A1C77 /* DPTResizableBuffer.m */; };
		CCF01AB8175E7190003A1C77 /* DPTSysUtil.m in Sources */ = {isa = PBXBuildFile; fileRef = CCF01AB7175E7190003A1C77 /* DPTSysUtil.m */; };
		CCF01ABB175E72AC003A1C77 /* NSArray+DPTUtil.m in Sources */ = {isa = PBXBuildFile; fileRef = CCF01ABA175E72AC003A1C77 /* NSArray+DPTUtil.m */; };
		CCF61C9216C5EE3300391025 /* map.plist in Resources */ = {isa = PBXBuildFile; fileRef = CCF61C9116C5EE3300391025 /* map.plist */; };
		CCF61C9616CC63C900391025 /* HXMGeometry.m in Sources */ = {isa = PBXBuildFile; fileRef = CCF61C9516CC63C900391025 /* HXMGeometry.m */; };
		CCF61C9716CC6E2900391025 /* HXMGeometry.m in Sources */ = {isa = PBXBuildFile; fileRef = CCF61C9516CC63C900391025 /* HXMGeometry.m */; };
/* End PBXBuildFile section */

/* Begin PBXContainerItemProxy section */
		CC858574167A72610054E60D /* PBXContainerItemProxy */ = {
			isa = PBXContainerItemProxy;
			containerPortal = CC85853F167A72600054E60D /* Project object */;
			proxyType = 1;
			remoteGlobalIDString = CC858547167A72600054E60D;
			remoteInfo = "Bull Run";
		};
/* End PBXContainerItemProxy section */

/* Begin PBXFileReference section */
		CC0805A716D3085000CB8C79 /* BABattleReport.h */ = {isa = PBXFileReference; fileEncoding = 4; lastKnownFileType = sourcecode.c.h; path = BABattleReport.h; sourceTree = "<group>"; };
		CC0805A816D3085000CB8C79 /* BABattleReport.m */ = {isa = PBXFileReference; fileEncoding = 4; lastKnownFileType = sourcecode.c.objc; path = BABattleReport.m; sourceTree = "<group>"; };
		CC0805AA16D3165D00CB8C79 /* BAGameObserving.h */ = {isa = PBXFileReference; fileEncoding = 4; lastKnownFileType = sourcecode.c.h; path = BAGameObserving.h; sourceTree = "<group>"; };
		CC0805AB16D5869E00CB8C79 /* BAReinforcementInfo.h */ = {isa = PBXFileReference; fileEncoding = 4; lastKnownFileType = sourcecode.c.h; path = BAReinforcementInfo.h; sourceTree = "<group>"; };
		CC0805AC16D5869E00CB8C79 /* BAReinforcementInfo.m */ = {isa = PBXFileReference; fileEncoding = 4; lastKnownFileType = sourcecode.c.objc; path = BAReinforcementInfo.m; sourceTree = "<group>"; };
		CC0CF380168A4E72006D902D /* README.textile */ = {isa = PBXFileReference; fileEncoding = 4; lastKnownFileType = text; path = README.textile; sourceTree = "<group>"; };
		CC0CF3E91698CB40006D902D /* BullRun.h */ = {isa = PBXFileReference; lastKnownFileType = sourcecode.c.h; path = BullRun.h; sourceTree = "<group>"; };
		CC0CF3EE169916E2006D902D /* QuartzCore.framework */ = {isa = PBXFileReference; lastKnownFileType = wrapper.framework; name = QuartzCore.framework; path = System/Library/Frameworks/QuartzCore.framework; sourceTree = SDKROOT; };
		CC1B671B16DC4B9F0078B20B /* bullet.png */ = {isa = PBXFileReference; lastKnownFileType = image.png; path = bullet.png; sourceTree = "<group>"; };
		CC1B672716DFA5C00078B20B /* BAAGunfire.h */ = {isa = PBXFileReference; fileEncoding = 4; lastKnownFileType = sourcecode.c.h; path = BAAGunfire.h; sourceTree = "<group>"; };
		CC1B672816DFA5C00078B20B /* BAAGunfire.m */ = {isa = PBXFileReference; fileEncoding = 4; lastKnownFileType = sourcecode.c.objc; path = BAAGunfire.m; sourceTree = "<group>"; };
		CC25F47B1765748F00F104BE /* Beauregard+Strategy.h */ = {isa = PBXFileReference; fileEncoding = 4; lastKnownFileType = sourcecode.c.h; path = "Beauregard+Strategy.h"; sourceTree = "<group>"; };
		CC25F47C1765748F00F104BE /* Beauregard+Strategy.m */ = {isa = PBXFileReference; fileEncoding = 4; lastKnownFileType = sourcecode.c.objc; path = "Beauregard+Strategy.m"; sourceTree = "<group>"; };
		CC25F47E17666AAE00F104BE /* DPTMath.h */ = {isa = PBXFileReference; fileEncoding = 4; lastKnownFileType = sourcecode.c.h; path = DPTMath.h; sourceTree = "<group>"; };
		CC25F47F176E455E00F104BE /* Beauregard+Tactics.h */ = {isa = PBXFileReference; fileEncoding = 4; lastKnownFileType = sourcecode.c.h; path = "Beauregard+Tactics.h"; sourceTree = "<group>"; };
		CC25F480176E455E00F104BE /* Beauregard+Tactics.m */ = {isa = PBXFileReference; fileEncoding = 4; lastKnownFileType = sourcecode.c.objc; path = "Beauregard+Tactics.m"; sourceTree = "<group>"; };
		CC25F4B11774C92400F104BE /* NSValue+HXMHex.h */ = {isa = PBXFileReference; fileEncoding = 4; lastKnownFileType = sourcecode.c.h; path = "NSValue+HXMHex.h"; sourceTree = "<group>"; };
		CC25F4B21774C92600F104BE /* NSValue+HXMHex.m */ = {isa = PBXFileReference; fileEncoding = 4; lastKnownFileType = sourcecode.c.objc; path = "NSValue+HXMHex.m"; sourceTree = "<group>"; };
		CC35E68016AF5EE700F9F0B1 /* MapView.h */ = {isa = PBXFileReference; fileEncoding = 4; lastKnownFileType = sourcecode.c.h; path = MapView.h; sourceTree = "<group>"; };
		CC35E68116AF5EE700F9F0B1 /* MapView.m */ = {isa = PBXFileReference; fileEncoding = 4; lastKnownFileType = sourcecode.c.objc; path = MapView.m; sourceTree = "<group>"; };
		CC35E68216AF5EE700F9F0B1 /* UnitView.h */ = {isa = PBXFileReference; fileEncoding = 4; lastKnownFileType = sourcecode.c.h; path = UnitView.h; sourceTree = "<group>"; };
		CC35E68316AF5EE700F9F0B1 /* UnitView.m */ = {isa = PBXFileReference; fileEncoding = 4; lastKnownFileType = sourcecode.c.objc; path = UnitView.m; sourceTree = "<group>"; };
		CC35E68616B5CE0A00F9F0B1 /* portraits.png */ = {isa = PBXFileReference; lastKnownFileType = image.png; path = portraits.png; sourceTree = "<group>"; };
		CC392E3A16D5A6BE00160B82 /* BAOrderOfBattle.h */ = {isa = PBXFileReference; fileEncoding = 4; lastKnownFileType = sourcecode.c.h; path = BAOrderOfBattle.h; sourceTree = "<group>"; };
		CC392E3B16D5A6BE00160B82 /* BAOrderOfBattle.m */ = {isa = PBXFileReference; fileEncoding = 4; lastKnownFileType = sourcecode.c.objc; path = BAOrderOfBattle.m; sourceTree = "<group>"; };
		CC392E3D16D5A84500160B82 /* BAUnit.h */ = {isa = PBXFileReference; fileEncoding = 4; lastKnownFileType = sourcecode.c.h; path = BAUnit.h; sourceTree = "<group>"; };
		CC392E3E16D5A84500160B82 /* BAUnit.m */ = {isa = PBXFileReference; fileEncoding = 4; lastKnownFileType = sourcecode.c.objc; path = BAUnit.m; sourceTree = "<group>"; };
		CC392E4016D5ACEB00160B82 /* BAGame.h */ = {isa = PBXFileReference; fileEncoding = 4; lastKnownFileType = sourcecode.c.h; path = BAGame.h; sourceTree = "<group>"; };
		CC392E4116D5ACEB00160B82 /* BAGame.m */ = {isa = PBXFileReference; fileEncoding = 4; lastKnownFileType = sourcecode.c.objc; path = BAGame.m; sourceTree = "<group>"; };
		CC392E4316D5AE4C00160B82 /* BAMoveOrders.h */ = {isa = PBXFileReference; fileEncoding = 4; lastKnownFileType = sourcecode.c.h; path = BAMoveOrders.h; sourceTree = "<group>"; };
		CC392E4416D5AE4C00160B82 /* BAMoveOrders.m */ = {isa = PBXFileReference; fileEncoding = 4; lastKnownFileType = sourcecode.c.objc; path = BAMoveOrders.m; sourceTree = "<group>"; };
		CC392E4916D5AFD400160B82 /* HXMHexMapGeometryTests.h */ = {isa = PBXFileReference; fileEncoding = 4; lastKnownFileType = sourcecode.c.h; path = HXMHexMapGeometryTests.h; sourceTree = "<group>"; };
		CC392E4A16D5AFD400160B82 /* HXMHexMapGeometryTests.m */ = {isa = PBXFileReference; fileEncoding = 4; lastKnownFileType = sourcecode.c.objc; path = HXMHexMapGeometryTests.m; sourceTree = "<group>"; };
		CC392E4C16D5B04F00160B82 /* BAMoveOrdersTests.h */ = {isa = PBXFileReference; fileEncoding = 4; lastKnownFileType = sourcecode.c.h; path = BAMoveOrdersTests.h; sourceTree = "<group>"; };
		CC392E4D16D5B04F00160B82 /* BAMoveOrdersTests.m */ = {isa = PBXFileReference; fileEncoding = 4; lastKnownFileType = sourcecode.c.objc; path = BAMoveOrdersTests.m; sourceTree = "<group>"; };
		CC523550173A7DB600CDBDC5 /* BAAIProtocol.h */ = {isa = PBXFileReference; lastKnownFileType = sourcecode.c.h; path = BAAIProtocol.h; sourceTree = "<group>"; };
		CC523553173A7F1700CDBDC5 /* McDowell.h */ = {isa = PBXFileReference; fileEncoding = 4; lastKnownFileType = sourcecode.c.h; path = McDowell.h; sourceTree = "<group>"; };
		CC523554173A7F1700CDBDC5 /* McDowell.m */ = {isa = PBXFileReference; fileEncoding = 4; lastKnownFileType = sourcecode.c.objc; path = McDowell.m; sourceTree = "<group>"; };
		CC523556173A9BA700CDBDC5 /* Beauregard.h */ = {isa = PBXFileReference; fileEncoding = 4; lastKnownFileType = sourcecode.c.h; path = Beauregard.h; sourceTree = "<group>"; };
		CC523557173A9BA700CDBDC5 /* Beauregard.m */ = {isa = PBXFileReference; fileEncoding = 4; lastKnownFileType = sourcecode.c.objc; path = Beauregard.m; sourceTree = "<group>"; };
		CC523559173D97E500CDBDC5 /* BRMap.h */ = {isa = PBXFileReference; fileEncoding = 4; lastKnownFileType = sourcecode.c.h; path = BRMap.h; sourceTree = "<group>"; };
		CC52355A173D97E500CDBDC5 /* BRMap.m */ = {isa = PBXFileReference; fileEncoding = 4; lastKnownFileType = sourcecode.c.objc; path = BRMap.m; sourceTree = "<group>"; };
		CC52355C173DD36200CDBDC5 /* BRGame.h */ = {isa = PBXFileReference; fileEncoding = 4; lastKnownFileType = sourcecode.c.h; path = BRGame.h; sourceTree = "<group>"; };
		CC52355D173DD36200CDBDC5 /* BRGame.m */ = {isa = PBXFileReference; fileEncoding = 4; lastKnownFileType = sourcecode.c.objc; path = BRGame.m; sourceTree = "<group>"; };
		CC65EB8B16BF3EE400C47BD0 /* units.plist */ = {isa = PBXFileReference; fileEncoding = 4; lastKnownFileType = text.plist.xml; path = units.plist; sourceTree = "<group>"; };
		CC858548167A72610054E60D /* Bull Run.app */ = {isa = PBXFileReference; explicitFileType = wrapper.application; includeInIndex = 0; path = "Bull Run.app"; sourceTree = BUILT_PRODUCTS_DIR; };
		CC85854C167A72610054E60D /* UIKit.framework */ = {isa = PBXFileReference; lastKnownFileType = wrapper.framework; name = UIKit.framework; path = System/Library/Frameworks/UIKit.framework; sourceTree = SDKROOT; };
		CC85854E167A72610054E60D /* Foundation.framework */ = {isa = PBXFileReference; lastKnownFileType = wrapper.framework; name = Foundation.framework; path = System/Library/Frameworks/Foundation.framework; sourceTree = SDKROOT; };
		CC858550167A72610054E60D /* CoreGraphics.framework */ = {isa = PBXFileReference; lastKnownFileType = wrapper.framework; name = CoreGraphics.framework; path = System/Library/Frameworks/CoreGraphics.framework; sourceTree = SDKROOT; };
		CC858554167A72610054E60D /* Bull Run-Info.plist */ = {isa = PBXFileReference; lastKnownFileType = text.plist.xml; path = "Bull Run-Info.plist"; sourceTree = "<group>"; };
		CC858556167A72610054E60D /* en */ = {isa = PBXFileReference; lastKnownFileType = text.plist.strings; name = en; path = en.lproj/InfoPlist.strings; sourceTree = "<group>"; };
		CC85855A167A72610054E60D /* Bull Run-Prefix.pch */ = {isa = PBXFileReference; lastKnownFileType = sourcecode.c.h; path = "Bull Run-Prefix.pch"; sourceTree = "<group>"; };
		CC85855E167A72610054E60D /* Default.png */ = {isa = PBXFileReference; lastKnownFileType = image.png; path = Default.png; sourceTree = "<group>"; };
		CC858560167A72610054E60D /* Default@2x.png */ = {isa = PBXFileReference; lastKnownFileType = image.png; path = "Default@2x.png"; sourceTree = "<group>"; };
		CC858562167A72610054E60D /* Default-568h@2x.png */ = {isa = PBXFileReference; lastKnownFileType = image.png; path = "Default-568h@2x.png"; sourceTree = "<group>"; };
		CC85856F167A72610054E60D /* Bull RunTests.octest */ = {isa = PBXFileReference; explicitFileType = wrapper.cfbundle; includeInIndex = 0; path = "Bull RunTests.octest"; sourceTree = BUILT_PRODUCTS_DIR; };
		CC858570167A72610054E60D /* SenTestingKit.framework */ = {isa = PBXFileReference; lastKnownFileType = wrapper.framework; name = SenTestingKit.framework; path = Library/Frameworks/SenTestingKit.framework; sourceTree = DEVELOPER_DIR; };
		CC858578167A72610054E60D /* Bull RunTests-Info.plist */ = {isa = PBXFileReference; lastKnownFileType = text.plist.xml; path = "Bull RunTests-Info.plist"; sourceTree = "<group>"; };
		CC85857A167A72610054E60D /* en */ = {isa = PBXFileReference; lastKnownFileType = text.plist.strings; name = en; path = en.lproj/InfoPlist.strings; sourceTree = "<group>"; };
		CCC71D5416CC6EE9003636E3 /* HXMCoordinateTransformer.h */ = {isa = PBXFileReference; fileEncoding = 4; lastKnownFileType = sourcecode.c.h; path = HXMCoordinateTransformer.h; sourceTree = "<group>"; };
		CCC71D5516CC6EE9003636E3 /* HXMCoordinateTransformer.m */ = {isa = PBXFileReference; fileEncoding = 4; lastKnownFileType = sourcecode.c.objc; path = HXMCoordinateTransformer.m; sourceTree = "<group>"; };
		CCC71D5816CC711E003636E3 /* HMMap.h */ = {isa = PBXFileReference; fileEncoding = 4; lastKnownFileType = sourcecode.c.h; path = HMMap.h; sourceTree = "<group>"; };
		CCC71D5916CC711E003636E3 /* HMMap.m */ = {isa = PBXFileReference; fileEncoding = 4; lastKnownFileType = sourcecode.c.objc; path = HMMap.m; sourceTree = "<group>"; };
		CCC71D5B16CC72FE003636E3 /* HXMMapZone.h */ = {isa = PBXFileReference; fileEncoding = 4; lastKnownFileType = sourcecode.c.h; path = HXMMapZone.h; sourceTree = "<group>"; };
		CCC71D5C16CC72FF003636E3 /* HXMMapZone.m */ = {isa = PBXFileReference; fileEncoding = 4; lastKnownFileType = sourcecode.c.objc; path = HXMMapZone.m; sourceTree = "<group>"; };
		CCC71D5E16CC747B003636E3 /* HXMTerrainEffect.h */ = {isa = PBXFileReference; fileEncoding = 4; lastKnownFileType = sourcecode.c.h; path = HXMTerrainEffect.h; sourceTree = "<group>"; };
		CCC71D5F16CC747B003636E3 /* HXMTerrainEffect.m */ = {isa = PBXFileReference; fileEncoding = 4; lastKnownFileType = sourcecode.c.objc; path = HXMTerrainEffect.m; sourceTree = "<group>"; };
		CCDB60E316A04D71006668C2 /* MapViewController.h */ = {isa = PBXFileReference; fileEncoding = 4; lastKnownFileType = sourcecode.c.h; path = MapViewController.h; sourceTree = "<group>"; };
		CCDB60E416A04D71006668C2 /* MapViewController.m */ = {isa = PBXFileReference; fileEncoding = 4; lastKnownFileType = sourcecode.c.objc; path = MapViewController.m; sourceTree = "<group>"; };
		CCDB60E716A04D8C006668C2 /* BRAppDelegate.h */ = {isa = PBXFileReference; fileEncoding = 4; lastKnownFileType = sourcecode.c.h; path = BRAppDelegate.h; sourceTree = "<group>"; };
		CCDB60E816A04D8C006668C2 /* BRAppDelegate.m */ = {isa = PBXFileReference; fileEncoding = 4; lastKnownFileType = sourcecode.c.objc; path = BRAppDelegate.m; sourceTree = "<group>"; };
		CCDB60E916A04D8C006668C2 /* main.m */ = {isa = PBXFileReference; fileEncoding = 4; lastKnownFileType = sourcecode.c.objc; path = main.m; sourceTree = "<group>"; };
		CCDB60F716A04E96006668C2 /* InfoBarView.h */ = {isa = PBXFileReference; fileEncoding = 4; lastKnownFileType = sourcecode.c.h; path = InfoBarView.h; sourceTree = "<group>"; };
		CCDB60F816A04E96006668C2 /* InfoBarView.m */ = {isa = PBXFileReference; fileEncoding = 4; lastKnownFileType = sourcecode.c.objc; path = InfoBarView.m; sourceTree = "<group>"; };
		CCDB60FC16A04EF2006668C2 /* map.png */ = {isa = PBXFileReference; lastKnownFileType = image.png; path = map.png; sourceTree = "<group>"; };
		CCDB610116A04EF2006668C2 /* InfoBarView.xib */ = {isa = PBXFileReference; fileEncoding = 4; lastKnownFileType = file.xib; path = InfoBarView.xib; sourceTree = "<group>"; };
		CCDB610216A04EF2006668C2 /* MapViewController.xib */ = {isa = PBXFileReference; fileEncoding = 4; lastKnownFileType = file.xib; path = MapViewController.xib; sourceTree = "<group>"; };
		CCE03F5E1713A0D400C5A217 /* BAAAnimationList.h */ = {isa = PBXFileReference; fileEncoding = 4; lastKnownFileType = sourcecode.c.h; path = BAAAnimationList.h; sourceTree = "<group>"; };
		CCE03F5F1713A0D500C5A217 /* BAAAnimationList.m */ = {isa = PBXFileReference; fileEncoding = 4; lastKnownFileType = sourcecode.c.objc; path = BAAAnimationList.m; sourceTree = "<group>"; };
		CCE03F6317162FE100C5A217 /* BAAAnimationListItemCombat.h */ = {isa = PBXFileReference; fileEncoding = 4; lastKnownFileType = sourcecode.c.h; path = BAAAnimationListItemCombat.h; sourceTree = "<group>"; };
		CCE03F6417162FE100C5A217 /* BAAAnimationListItemCombat.m */ = {isa = PBXFileReference; fileEncoding = 4; lastKnownFileType = sourcecode.c.objc; path = BAAAnimationListItemCombat.m; sourceTree = "<group>"; };
		CCE03F69171BA62000C5A217 /* BAAAnimationListItemMove.h */ = {isa = PBXFileReference; fileEncoding = 4; lastKnownFileType = sourcecode.c.h; path = BAAAnimationListItemMove.h; sourceTree = "<group>"; };
		CCE03F6A171BA62100C5A217 /* BAAAnimationListItemMove.m */ = {isa = PBXFileReference; fileEncoding = 4; lastKnownFileType = sourcecode.c.objc; path = BAAAnimationListItemMove.m; sourceTree = "<group>"; };
		CCE03F6C171E278E00C5A217 /* BAAAnimationListItem.h */ = {isa = PBXFileReference; fileEncoding = 4; lastKnownFileType = sourcecode.c.h; path = BAAAnimationListItem.h; sourceTree = "<group>"; };
		CCE03F6D171E278E00C5A217 /* BAAAnimationListItem.m */ = {isa = PBXFileReference; fileEncoding = 4; lastKnownFileType = sourcecode.c.objc; path = BAAAnimationListItem.m; sourceTree = "<group>"; };
		CCF01A99174D9705003A1C77 /* McDowell+Strategy.m */ = {isa = PBXFileReference; fileEncoding = 4; lastKnownFileType = sourcecode.c.objc; path = "McDowell+Strategy.m"; sourceTree = "<group>"; };
		CCF01A9D174D9861003A1C77 /* McDowell+Strategy.h */ = {isa = PBXFileReference; fileEncoding = 4; lastKnownFileType = sourcecode.c.h; path = "McDowell+Strategy.h"; sourceTree = "<group>"; };
		CCF01A9E174FFECA003A1C77 /* BAAIInfluenceMap.h */ = {isa = PBXFileReference; fileEncoding = 4; lastKnownFileType = sourcecode.c.h; path = BAAIInfluenceMap.h; sourceTree = "<group>"; };
		CCF01A9F174FFECA003A1C77 /* BAAIInfluenceMap.m */ = {isa = PBXFileReference; fileEncoding = 4; lastKnownFileType = sourcecode.c.objc; path = BAAIInfluenceMap.m; sourceTree = "<group>"; };
		CCF01AA117510DB2003A1C77 /* McDowell+Tactics.h */ = {isa = PBXFileReference; fileEncoding = 4; lastKnownFileType = sourcecode.c.h; path = "McDowell+Tactics.h"; sourceTree = "<group>"; };
		CCF01AA217510DB2003A1C77 /* McDowell+Tactics.m */ = {isa = PBXFileReference; fileEncoding = 4; lastKnownFileType = sourcecode.c.objc; path = "McDowell+Tactics.m"; sourceTree = "<group>"; };
		CCF01AA717568767003A1C77 /* HXMPathFinder.h */ = {isa = PBXFileReference; fileEncoding = 4; lastKnownFileType = sourcecode.c.h; path = HXMPathFinder.h; sourceTree = "<group>"; };
		CCF01AA817568767003A1C77 /* HXMPathFinder.m */ = {isa = PBXFileReference; fileEncoding = 4; lastKnownFileType = sourcecode.c.objc; path = HXMPathFinder.m; sourceTree = "<group>"; };
		CCF01AB01758EC7C003A1C77 /* HXMPathFinderTests.h */ = {isa = PBXFileReference; fileEncoding = 4; lastKnownFileType = sourcecode.c.h; path = HXMPathFinderTests.h; sourceTree = "<group>"; };
		CCF01AB11758EC7C003A1C77 /* HXMPathFinderTests.m */ = {isa = PBXFileReference; fileEncoding = 4; lastKnownFileType = sourcecode.c.objc; path = HXMPathFinderTests.m; sourceTree = "<group>"; };
		CCF01AB3175E70EF003A1C77 /* DPTResizableBuffer.h */ = {isa = PBXFileReference; fileEncoding = 4; lastKnownFileType = sourcecode.c.h; path = DPTResizableBuffer.h; sourceTree = "<group>"; };
		CCF01AB4175E70F0003A1C77 /* DPTResizableBuffer.m */ = {isa = PBXFileReference; fileEncoding = 4; lastKnownFileType = sourcecode.c.objc; path = DPTResizableBuffer.m; sourceTree = "<group>"; };
		CCF01AB6175E7190003A1C77 /* DPTSysUtil.h */ = {isa = PBXFileReference; fileEncoding = 4; lastKnownFileType = sourcecode.c.h; path = DPTSysUtil.h; sourceTree = "<group>"; };
		CCF01AB7175E7190003A1C77 /* DPTSysUtil.m */ = {isa = PBXFileReference; fileEncoding = 4; lastKnownFileType = sourcecode.c.objc; path = DPTSysUtil.m; sourceTree = "<group>"; };
		CCF01AB9175E72AC003A1C77 /* NSArray+DPTUtil.h */ = {isa = PBXFileReference; fileEncoding = 4; lastKnownFileType = sourcecode.c.h; path = "NSArray+DPTUtil.h"; sourceTree = "<group>"; };
		CCF01ABA175E72AC003A1C77 /* NSArray+DPTUtil.m */ = {isa = PBXFileReference; fileEncoding = 4; lastKnownFileType = sourcecode.c.objc; path = "NSArray+DPTUtil.m"; sourceTree = "<group>"; };
		CCF61C9116C5EE3300391025 /* map.plist */ = {isa = PBXFileReference; lastKnownFileType = file.bplist; path = map.plist; sourceTree = "<group>"; };
		CCF61C9316CC627400391025 /* HXMHex.h */ = {isa = PBXFileReference; fileEncoding = 4; lastKnownFileType = sourcecode.c.h; path = HXMHex.h; sourceTree = "<group>"; };
		CCF61C9416CC63C900391025 /* HXMGeometry.h */ = {isa = PBXFileReference; fileEncoding = 4; lastKnownFileType = sourcecode.c.h; path = HXMGeometry.h; sourceTree = "<group>"; };
		CCF61C9516CC63C900391025 /* HXMGeometry.m */ = {isa = PBXFileReference; fileEncoding = 4; lastKnownFileType = sourcecode.c.objc; path = HXMGeometry.m; sourceTree = "<group>"; };
/* End PBXFileReference section */

/* Begin PBXFrameworksBuildPhase section */
		CC858545167A72600054E60D /* Frameworks */ = {
			isa = PBXFrameworksBuildPhase;
			buildActionMask = 2147483647;
			files = (
				CC0CF3EF169916E2006D902D /* QuartzCore.framework in Frameworks */,
				CC85854D167A72610054E60D /* UIKit.framework in Frameworks */,
				CC85854F167A72610054E60D /* Foundation.framework in Frameworks */,
				CC858551167A72610054E60D /* CoreGraphics.framework in Frameworks */,
			);
			runOnlyForDeploymentPostprocessing = 0;
		};
		CC85856B167A72610054E60D /* Frameworks */ = {
			isa = PBXFrameworksBuildPhase;
			buildActionMask = 2147483647;
			files = (
				CC858571167A72610054E60D /* SenTestingKit.framework in Frameworks */,
				CC858572167A72610054E60D /* UIKit.framework in Frameworks */,
				CC858573167A72610054E60D /* Foundation.framework in Frameworks */,
			);
			runOnlyForDeploymentPostprocessing = 0;
		};
/* End PBXFrameworksBuildPhase section */

/* Begin PBXGroup section */
		CC0805A516D2F87300CB8C79 /* BattleAt */ = {
			isa = PBXGroup;
			children = (
				CCF01A9E174FFECA003A1C77 /* BAAIInfluenceMap.h */,
				CCF01A9F174FFECA003A1C77 /* BAAIInfluenceMap.m */,
				CC523550173A7DB600CDBDC5 /* BAAIProtocol.h */,
				CC0805A716D3085000CB8C79 /* BABattleReport.h */,
				CC0805A816D3085000CB8C79 /* BABattleReport.m */,
				CC392E4016D5ACEB00160B82 /* BAGame.h */,
				CC392E4116D5ACEB00160B82 /* BAGame.m */,
				CC0805AA16D3165D00CB8C79 /* BAGameObserving.h */,
				CC392E4316D5AE4C00160B82 /* BAMoveOrders.h */,
				CC392E4416D5AE4C00160B82 /* BAMoveOrders.m */,
				CC392E3A16D5A6BE00160B82 /* BAOrderOfBattle.h */,
				CC392E3B16D5A6BE00160B82 /* BAOrderOfBattle.m */,
				CC0805AB16D5869E00CB8C79 /* BAReinforcementInfo.h */,
				CC0805AC16D5869E00CB8C79 /* BAReinforcementInfo.m */,
				CC392E3D16D5A84500160B82 /* BAUnit.h */,
				CC392E3E16D5A84500160B82 /* BAUnit.m */,
			);
			path = BattleAt;
			sourceTree = "<group>";
		};
		CC1B672416DFA5C00078B20B /* Animations */ = {
			isa = PBXGroup;
			children = (
				CCE03F5E1713A0D400C5A217 /* BAAAnimationList.h */,
				CCE03F5F1713A0D500C5A217 /* BAAAnimationList.m */,
				CCE03F6C171E278E00C5A217 /* BAAAnimationListItem.h */,
				CCE03F6D171E278E00C5A217 /* BAAAnimationListItem.m */,
				CCE03F6317162FE100C5A217 /* BAAAnimationListItemCombat.h */,
				CCE03F6417162FE100C5A217 /* BAAAnimationListItemCombat.m */,
				CCE03F69171BA62000C5A217 /* BAAAnimationListItemMove.h */,
				CCE03F6A171BA62100C5A217 /* BAAAnimationListItemMove.m */,
				CC1B672716DFA5C00078B20B /* BAAGunfire.h */,
				CC1B672816DFA5C00078B20B /* BAAGunfire.m */,
			);
			path = Animations;
			sourceTree = "<group>";
		};
		CC523552173A7EF200CDBDC5 /* AIs */ = {
			isa = PBXGroup;
			children = (
				CC25F47B1765748F00F104BE /* Beauregard+Strategy.h */,
				CC25F47C1765748F00F104BE /* Beauregard+Strategy.m */,
				CC25F47F176E455E00F104BE /* Beauregard+Tactics.h */,
				CC25F480176E455E00F104BE /* Beauregard+Tactics.m */,
				CC523556173A9BA700CDBDC5 /* Beauregard.h */,
				CC523557173A9BA700CDBDC5 /* Beauregard.m */,
				CCF01A9D174D9861003A1C77 /* McDowell+Strategy.h */,
				CCF01A99174D9705003A1C77 /* McDowell+Strategy.m */,
				CCF01AA117510DB2003A1C77 /* McDowell+Tactics.h */,
				CCF01AA217510DB2003A1C77 /* McDowell+Tactics.m */,
				CC523553173A7F1700CDBDC5 /* McDowell.h */,
				CC523554173A7F1700CDBDC5 /* McDowell.m */,
			);
			path = AIs;
			sourceTree = "<group>";
		};
		CC85853D167A72600054E60D = {
			isa = PBXGroup;
			children = (
				CC523552173A7EF200CDBDC5 /* AIs */,
				CC1B672416DFA5C00078B20B /* Animations */,
				CCDB60E616A04D8C006668C2 /* AppDelegate */,
				CC0805A516D2F87300CB8C79 /* BattleAt */,
				CC858552167A72610054E60D /* Bull Run */,
				CC858576167A72610054E60D /* Bull RunTests */,
				CCDB60E216A04D71006668C2 /* Controllers */,
				CC85854B167A72610054E60D /* Frameworks */,
				CCDB60EC16A04E43006668C2 /* HexMap */,
				CC858549167A72610054E60D /* Products */,
				CC0CF380168A4E72006D902D /* README.textile */,
				CCDB60FA16A04EF2006668C2 /* Resources */,
				CCDB60D916A04B30006668C2 /* Util */,
				CCDB60F616A04E96006668C2 /* Views */,
			);
			sourceTree = "<group>";
			wrapsLines = 0;
		};
		CC858549167A72610054E60D /* Products */ = {
			isa = PBXGroup;
			children = (
				CC858548167A72610054E60D /* Bull Run.app */,
				CC85856F167A72610054E60D /* Bull RunTests.octest */,
			);
			name = Products;
			sourceTree = "<group>";
		};
		CC85854B167A72610054E60D /* Frameworks */ = {
			isa = PBXGroup;
			children = (
				CC0CF3EE169916E2006D902D /* QuartzCore.framework */,
				CC85854C167A72610054E60D /* UIKit.framework */,
				CC85854E167A72610054E60D /* Foundation.framework */,
				CC858550167A72610054E60D /* CoreGraphics.framework */,
				CC858570167A72610054E60D /* SenTestingKit.framework */,
			);
			name = Frameworks;
			sourceTree = "<group>";
		};
		CC858552167A72610054E60D /* Bull Run */ = {
			isa = PBXGroup;
			children = (
				CC52355C173DD36200CDBDC5 /* BRGame.h */,
				CC52355D173DD36200CDBDC5 /* BRGame.m */,
				CC523559173D97E500CDBDC5 /* BRMap.h */,
				CC52355A173D97E500CDBDC5 /* BRMap.m */,
				CC0CF3E91698CB40006D902D /* BullRun.h */,
				CC858553167A72610054E60D /* Supporting Files */,
			);
			path = "Bull Run";
			sourceTree = "<group>";
		};
		CC858553167A72610054E60D /* Supporting Files */ = {
			isa = PBXGroup;
			children = (
				CC858554167A72610054E60D /* Bull Run-Info.plist */,
				CC858555167A72610054E60D /* InfoPlist.strings */,
				CC85855A167A72610054E60D /* Bull Run-Prefix.pch */,
				CC85855E167A72610054E60D /* Default.png */,
				CC858560167A72610054E60D /* Default@2x.png */,
				CC858562167A72610054E60D /* Default-568h@2x.png */,
			);
			name = "Supporting Files";
			sourceTree = "<group>";
		};
		CC858576167A72610054E60D /* Bull RunTests */ = {
			isa = PBXGroup;
			children = (
				CC392E4C16D5B04F00160B82 /* BAMoveOrdersTests.h */,
				CC392E4D16D5B04F00160B82 /* BAMoveOrdersTests.m */,
				CC392E4916D5AFD400160B82 /* HXMHexMapGeometryTests.h */,
				CC392E4A16D5AFD400160B82 /* HXMHexMapGeometryTests.m */,
				CCF01AB01758EC7C003A1C77 /* HXMPathFinderTests.h */,
				CCF01AB11758EC7C003A1C77 /* HXMPathFinderTests.m */,
				CC858577167A72610054E60D /* Supporting Files */,
			);
			path = "Bull RunTests";
			sourceTree = "<group>";
		};
		CC858577167A72610054E60D /* Supporting Files */ = {
			isa = PBXGroup;
			children = (
				CC858578167A72610054E60D /* Bull RunTests-Info.plist */,
				CC858579167A72610054E60D /* InfoPlist.strings */,
			);
			name = "Supporting Files";
			sourceTree = "<group>";
		};
		CCDB60D916A04B30006668C2 /* Util */ = {
			isa = PBXGroup;
			children = (
				CC25F47E17666AAE00F104BE /* DPTMath.h */,
				CCF01AB3175E70EF003A1C77 /* DPTResizableBuffer.h */,
				CCF01AB4175E70F0003A1C77 /* DPTResizableBuffer.m */,
				CCF01AB6175E7190003A1C77 /* DPTSysUtil.h */,
				CCF01AB7175E7190003A1C77 /* DPTSysUtil.m */,
				CCF01AB9175E72AC003A1C77 /* NSArray+DPTUtil.h */,
				CCF01ABA175E72AC003A1C77 /* NSArray+DPTUtil.m */,
			);
			path = Util;
			sourceTree = "<group>";
		};
		CCDB60E216A04D71006668C2 /* Controllers */ = {
			isa = PBXGroup;
			children = (
				CCDB60E316A04D71006668C2 /* MapViewController.h */,
				CCDB60E416A04D71006668C2 /* MapViewController.m */,
			);
			path = Controllers;
			sourceTree = "<group>";
		};
		CCDB60E616A04D8C006668C2 /* AppDelegate */ = {
			isa = PBXGroup;
			children = (
				CCDB60E716A04D8C006668C2 /* BRAppDelegate.h */,
				CCDB60E816A04D8C006668C2 /* BRAppDelegate.m */,
				CCDB60E916A04D8C006668C2 /* main.m */,
			);
			path = AppDelegate;
			sourceTree = "<group>";
		};
		CCDB60EC16A04E43006668C2 /* HexMap */ = {
			isa = PBXGroup;
			children = (
				CCC71D5816CC711E003636E3 /* HMMap.h */,
				CCC71D5916CC711E003636E3 /* HMMap.m */,
				CCC71D5B16CC72FE003636E3 /* HXMMapZone.h */,
				CCC71D5C16CC72FF003636E3 /* HXMMapZone.m */,
				CCC71D5416CC6EE9003636E3 /* HXMCoordinateTransformer.h */,
				CCC71D5516CC6EE9003636E3 /* HXMCoordinateTransformer.m */,
				CCF61C9416CC63C900391025 /* HXMGeometry.h */,
				CCF61C9516CC63C900391025 /* HXMGeometry.m */,
				CCF61C9316CC627400391025 /* HXMHex.h */,
				CCF01AA717568767003A1C77 /* HXMPathFinder.h */,
				CCF01AA817568767003A1C77 /* HXMPathFinder.m */,
				CCC71D5E16CC747B003636E3 /* HXMTerrainEffect.h */,
				CCC71D5F16CC747B003636E3 /* HXMTerrainEffect.m */,
				CC25F4B11774C92400F104BE /* NSValue+HXMHex.h */,
				CC25F4B21774C92600F104BE /* NSValue+HXMHex.m */,
			);
			path = HexMap;
			sourceTree = "<group>";
		};
		CCDB60F616A04E96006668C2 /* Views */ = {
			isa = PBXGroup;
			children = (
				CC35E68016AF5EE700F9F0B1 /* MapView.h */,
				CC35E68116AF5EE700F9F0B1 /* MapView.m */,
				CC35E68216AF5EE700F9F0B1 /* UnitView.h */,
				CC35E68316AF5EE700F9F0B1 /* UnitView.m */,
				CCDB60F716A04E96006668C2 /* InfoBarView.h */,
				CCDB60F816A04E96006668C2 /* InfoBarView.m */,
			);
			path = Views;
			sourceTree = "<group>";
		};
		CCDB60FA16A04EF2006668C2 /* Resources */ = {
			isa = PBXGroup;
			children = (
				CCF61C9116C5EE3300391025 /* map.plist */,
				CC65EB8B16BF3EE400C47BD0 /* units.plist */,
				CCDB60FB16A04EF2006668C2 /* Images */,
				CCDB610016A04EF2006668C2 /* XIBs */,
			);
			path = Resources;
			sourceTree = "<group>";
		};
		CCDB60FB16A04EF2006668C2 /* Images */ = {
			isa = PBXGroup;
			children = (
				CC1B671B16DC4B9F0078B20B /* bullet.png */,
				CC35E68616B5CE0A00F9F0B1 /* portraits.png */,
				CCDB60FC16A04EF2006668C2 /* map.png */,
			);
			path = Images;
			sourceTree = "<group>";
		};
		CCDB610016A04EF2006668C2 /* XIBs */ = {
			isa = PBXGroup;
			children = (
				CCDB610116A04EF2006668C2 /* InfoBarView.xib */,
				CCDB610216A04EF2006668C2 /* MapViewController.xib */,
			);
			path = XIBs;
			sourceTree = "<group>";
		};
/* End PBXGroup section */

/* Begin PBXNativeTarget section */
		CC858547167A72600054E60D /* Bull Run */ = {
			isa = PBXNativeTarget;
			buildConfigurationList = CC858581167A72610054E60D /* Build configuration list for PBXNativeTarget "Bull Run" */;
			buildPhases = (
				CC858544167A72600054E60D /* Sources */,
				CC858545167A72600054E60D /* Frameworks */,
				CC858546167A72600054E60D /* Resources */,
			);
			buildRules = (
			);
			dependencies = (
			);
			name = "Bull Run";
			productName = "Bull Run";
			productReference = CC858548167A72610054E60D /* Bull Run.app */;
			productType = "com.apple.product-type.application";
		};
		CC85856E167A72610054E60D /* Bull RunTests */ = {
			isa = PBXNativeTarget;
			buildConfigurationList = CC858584167A72610054E60D /* Build configuration list for PBXNativeTarget "Bull RunTests" */;
			buildPhases = (
				CC85856A167A72610054E60D /* Sources */,
				CC85856B167A72610054E60D /* Frameworks */,
				CC85856C167A72610054E60D /* Resources */,
				CC85856D167A72610054E60D /* ShellScript */,
			);
			buildRules = (
			);
			dependencies = (
				CC858575167A72610054E60D /* PBXTargetDependency */,
			);
			name = "Bull RunTests";
			productName = "Bull RunTests";
			productReference = CC85856F167A72610054E60D /* Bull RunTests.octest */;
			productType = "com.apple.product-type.bundle";
		};
/* End PBXNativeTarget section */

/* Begin PBXProject section */
		CC85853F167A72600054E60D /* Project object */ = {
			isa = PBXProject;
			attributes = {
				CLASSPREFIX = BR;
				LastUpgradeCheck = 0450;
				ORGANIZATIONNAME = "Dave Townsend";
			};
			buildConfigurationList = CC858542167A72600054E60D /* Build configuration list for PBXProject "Bull Run" */;
			compatibilityVersion = "Xcode 3.2";
			developmentRegion = English;
			hasScannedForEncodings = 0;
			knownRegions = (
				en,
			);
			mainGroup = CC85853D167A72600054E60D;
			productRefGroup = CC858549167A72610054E60D /* Products */;
			projectDirPath = "";
			projectRoot = "";
			targets = (
				CC858547167A72600054E60D /* Bull Run */,
				CC85856E167A72610054E60D /* Bull RunTests */,
			);
		};
/* End PBXProject section */

/* Begin PBXResourcesBuildPhase section */
		CC858546167A72600054E60D /* Resources */ = {
			isa = PBXResourcesBuildPhase;
			buildActionMask = 2147483647;
			files = (
				CC858557167A72610054E60D /* InfoPlist.strings in Resources */,
				CC85855F167A72610054E60D /* Default.png in Resources */,
				CC858561167A72610054E60D /* Default@2x.png in Resources */,
				CC858563167A72610054E60D /* Default-568h@2x.png in Resources */,
				CC0CF381168A4E72006D902D /* README.textile in Resources */,
				CCDB610316A04EF2006668C2 /* map.png in Resources */,
				CCDB610616A04EF2006668C2 /* InfoBarView.xib in Resources */,
				CCDB610716A04EF2006668C2 /* MapViewController.xib in Resources */,
				CC35E68716B5CE0A00F9F0B1 /* portraits.png in Resources */,
				CC65EB8C16BF3EE400C47BD0 /* units.plist in Resources */,
				CCF61C9216C5EE3300391025 /* map.plist in Resources */,
				CC1B671C16DC4B9F0078B20B /* bullet.png in Resources */,
			);
			runOnlyForDeploymentPostprocessing = 0;
		};
		CC85856C167A72610054E60D /* Resources */ = {
			isa = PBXResourcesBuildPhase;
			buildActionMask = 2147483647;
			files = (
				CC85857B167A72610054E60D /* InfoPlist.strings in Resources */,
			);
			runOnlyForDeploymentPostprocessing = 0;
		};
/* End PBXResourcesBuildPhase section */

/* Begin PBXShellScriptBuildPhase section */
		CC85856D167A72610054E60D /* ShellScript */ = {
			isa = PBXShellScriptBuildPhase;
			buildActionMask = 2147483647;
			files = (
			);
			inputPaths = (
			);
			outputPaths = (
			);
			runOnlyForDeploymentPostprocessing = 0;
			shellPath = /bin/sh;
			shellScript = "# Run the unit tests in this test bundle.\n\"${SYSTEM_DEVELOPER_DIR}/Tools/RunUnitTests\"\n";
		};
/* End PBXShellScriptBuildPhase section */

/* Begin PBXSourcesBuildPhase section */
		CC858544167A72600054E60D /* Sources */ = {
			isa = PBXSourcesBuildPhase;
			buildActionMask = 2147483647;
			files = (
				CCE03F611713A3C600C5A217 /* BAAAnimationList.m in Sources */,
				CCC71D5716CC6F0B003636E3 /* HXMCoordinateTransformer.m in Sources */,
				CCF61C9716CC6E2900391025 /* HXMGeometry.m in Sources */,
				CCDB60E516A04D71006668C2 /* MapViewController.m in Sources */,
				CCDB60EA16A04D8C006668C2 /* BRAppDelegate.m in Sources */,
				CCDB60EB16A04D8C006668C2 /* main.m in Sources */,
				CCDB60F916A04E96006668C2 /* InfoBarView.m in Sources */,
				CC35E68416AF5EE700F9F0B1 /* MapView.m in Sources */,
				CC35E68516AF5EE700F9F0B1 /* UnitView.m in Sources */,
				CCC71D5A16CC711E003636E3 /* HMMap.m in Sources */,
				CCC71D5D16CC72FF003636E3 /* HXMMapZone.m in Sources */,
				CCC71D6016CC747B003636E3 /* HXMTerrainEffect.m in Sources */,
				CC0805A916D3085000CB8C79 /* BABattleReport.m in Sources */,
				CC0805AD16D5869E00CB8C79 /* BAReinforcementInfo.m in Sources */,
				CC392E3C16D5A6BE00160B82 /* BAOrderOfBattle.m in Sources */,
				CC392E3F16D5A84500160B82 /* BAUnit.m in Sources */,
				CC392E4216D5ACEC00160B82 /* BAGame.m in Sources */,
				CC392E4516D5AE4C00160B82 /* BAMoveOrders.m in Sources */,
				CC1B672A16DFA5C00078B20B /* BAAGunfire.m in Sources */,
				CCE03F6517162FE100C5A217 /* BAAAnimationListItemCombat.m in Sources */,
				CCE03F6B171BA62100C5A217 /* BAAAnimationListItemMove.m in Sources */,
				CCE03F6E171E278E00C5A217 /* BAAAnimationListItem.m in Sources */,
				CC523555173A7F1700CDBDC5 /* McDowell.m in Sources */,
				CC523558173A9BA700CDBDC5 /* Beauregard.m in Sources */,
				CC52355B173D97E500CDBDC5 /* BRMap.m in Sources */,
				CC52355E173DD36200CDBDC5 /* BRGame.m in Sources */,
				CCF01A9A174D9705003A1C77 /* McDowell+Strategy.m in Sources */,
				CCF01AA0174FFECA003A1C77 /* BAAIInfluenceMap.m in Sources */,
				CCF01AA317510DB2003A1C77 /* McDowell+Tactics.m in Sources */,
				CCF01AA917568767003A1C77 /* HXMPathFinder.m in Sources */,
				CCF01AB5175E70F0003A1C77 /* DPTResizableBuffer.m in Sources */,
				CCF01AB8175E7190003A1C77 /* DPTSysUtil.m in Sources */,
				CCF01ABB175E72AC003A1C77 /* NSArray+DPTUtil.m in Sources */,
				CC25F47D1765748F00F104BE /* Beauregard+Strategy.m in Sources */,
				CC25F481176E455E00F104BE /* Beauregard+Tactics.m in Sources */,
				CC25F4B31774C92900F104BE /* NSValue+HXMHex.m in Sources */,
			);
			runOnlyForDeploymentPostprocessing = 0;
		};
		CC85856A167A72610054E60D /* Sources */ = {
			isa = PBXSourcesBuildPhase;
			buildActionMask = 2147483647;
			files = (
				CCF61C9616CC63C900391025 /* HXMGeometry.m in Sources */,
				CCC71D5616CC6EE9003636E3 /* HXMCoordinateTransformer.m in Sources */,
				CC392E4B16D5AFD400160B82 /* HXMHexMapGeometryTests.m in Sources */,
				CC392E4E16D5B04F00160B82 /* BAMoveOrdersTests.m in Sources */,
				CCF01AB21758EC7C003A1C77 /* HXMPathFinderTests.m in Sources */,
			);
			runOnlyForDeploymentPostprocessing = 0;
		};
/* End PBXSourcesBuildPhase section */

/* Begin PBXTargetDependency section */
		CC858575167A72610054E60D /* PBXTargetDependency */ = {
			isa = PBXTargetDependency;
			target = CC858547167A72600054E60D /* Bull Run */;
			targetProxy = CC858574167A72610054E60D /* PBXContainerItemProxy */;
		};
/* End PBXTargetDependency section */

/* Begin PBXVariantGroup section */
		CC858555167A72610054E60D /* InfoPlist.strings */ = {
			isa = PBXVariantGroup;
			children = (
				CC858556167A72610054E60D /* en */,
			);
			name = InfoPlist.strings;
			sourceTree = "<group>";
		};
		CC858579167A72610054E60D /* InfoPlist.strings */ = {
			isa = PBXVariantGroup;
			children = (
				CC85857A167A72610054E60D /* en */,
			);
			name = InfoPlist.strings;
			sourceTree = "<group>";
		};
/* End PBXVariantGroup section */

/* Begin XCBuildConfiguration section */
		CC85857F167A72610054E60D /* Debug */ = {
			isa = XCBuildConfiguration;
			buildSettings = {
				ALWAYS_SEARCH_USER_PATHS = NO;
				CLANG_CXX_LANGUAGE_STANDARD = "gnu++0x";
				CLANG_CXX_LIBRARY = "libc++";
				CLANG_ENABLE_OBJC_ARC = YES;
				CLANG_WARN_EMPTY_BODY = YES;
				CLANG_WARN__DUPLICATE_METHOD_MATCH = YES;
				"CODE_SIGN_IDENTITY[sdk=iphoneos*]" = "iPhone Developer";
				COPY_PHASE_STRIP = NO;
				GCC_C_LANGUAGE_STANDARD = gnu99;
				GCC_DYNAMIC_NO_PIC = NO;
				GCC_OPTIMIZATION_LEVEL = 0;
				GCC_PREPROCESSOR_DEFINITIONS = (
					"DEBUG=1",
					"$(inherited)",
				);
				GCC_SYMBOLS_PRIVATE_EXTERN = NO;
				GCC_WARN_ABOUT_RETURN_TYPE = YES;
				GCC_WARN_UNINITIALIZED_AUTOS = YES;
				GCC_WARN_UNUSED_VARIABLE = YES;
				IPHONEOS_DEPLOYMENT_TARGET = 6.0;
				New_Setting = "";
				ONLY_ACTIVE_ARCH = YES;
				SDKROOT = iphoneos;
				TARGETED_DEVICE_FAMILY = 2;
			};
			name = Debug;
		};
		CC858580167A72610054E60D /* Release */ = {
			isa = XCBuildConfiguration;
			buildSettings = {
				ALWAYS_SEARCH_USER_PATHS = NO;
				CLANG_CXX_LANGUAGE_STANDARD = "gnu++0x";
				CLANG_CXX_LIBRARY = "libc++";
				CLANG_ENABLE_OBJC_ARC = YES;
				CLANG_WARN_EMPTY_BODY = YES;
				CLANG_WARN__DUPLICATE_METHOD_MATCH = YES;
				"CODE_SIGN_IDENTITY[sdk=iphoneos*]" = "iPhone Developer";
				COPY_PHASE_STRIP = YES;
				GCC_C_LANGUAGE_STANDARD = gnu99;
				GCC_WARN_ABOUT_RETURN_TYPE = YES;
				GCC_WARN_UNINITIALIZED_AUTOS = YES;
				GCC_WARN_UNUSED_VARIABLE = YES;
				IPHONEOS_DEPLOYMENT_TARGET = 6.0;
				New_Setting = "";
				OTHER_CFLAGS = "-DNS_BLOCK_ASSERTIONS=1";
				SDKROOT = iphoneos;
				TARGETED_DEVICE_FAMILY = 2;
				VALIDATE_PRODUCT = YES;
			};
			name = Release;
		};
		CC858582167A72610054E60D /* Debug */ = {
			isa = XCBuildConfiguration;
			buildSettings = {
				GCC_PRECOMPILE_PREFIX_HEADER = YES;
				GCC_PREFIX_HEADER = "Bull Run/Bull Run-Prefix.pch";
				GCC_TREAT_WARNINGS_AS_ERRORS = YES;
				INFOPLIST_FILE = "Bull Run/Bull Run-Info.plist";
				PRODUCT_NAME = "$(TARGET_NAME)";
				WRAPPER_EXTENSION = app;
			};
			name = Debug;
		};
		CC858583167A72610054E60D /* Release */ = {
			isa = XCBuildConfiguration;
			buildSettings = {
				GCC_PRECOMPILE_PREFIX_HEADER = YES;
				GCC_PREFIX_HEADER = "Bull Run/Bull Run-Prefix.pch";
				GCC_TREAT_WARNINGS_AS_ERRORS = YES;
				INFOPLIST_FILE = "Bull Run/Bull Run-Info.plist";
				PRODUCT_NAME = "$(TARGET_NAME)";
				WRAPPER_EXTENSION = app;
			};
			name = Release;
		};
		CC858585167A72610054E60D /* Debug */ = {
			isa = XCBuildConfiguration;
			buildSettings = {
				BUNDLE_LOADER = "$(BUILT_PRODUCTS_DIR)/Bull Run.app/Bull Run";
				FRAMEWORK_SEARCH_PATHS = (
					"\"$(SDKROOT)/Developer/Library/Frameworks\"",
					"\"$(DEVELOPER_LIBRARY_DIR)/Frameworks\"",
				);
				GCC_PRECOMPILE_PREFIX_HEADER = YES;
				GCC_PREFIX_HEADER = "Bull Run/Bull Run-Prefix.pch";
				INFOPLIST_FILE = "Bull RunTests/Bull RunTests-Info.plist";
				PRODUCT_NAME = "$(TARGET_NAME)";
				TEST_HOST = "$(BUNDLE_LOADER)";
				WRAPPER_EXTENSION = octest;
			};
			name = Debug;
		};
		CC858586167A72610054E60D /* Release */ = {
			isa = XCBuildConfiguration;
			buildSettings = {
				BUNDLE_LOADER = "$(BUILT_PRODUCTS_DIR)/Bull Run.app/Bull Run";
				FRAMEWORK_SEARCH_PATHS = (
					"\"$(SDKROOT)/Developer/Library/Frameworks\"",
					"\"$(DEVELOPER_LIBRARY_DIR)/Frameworks\"",
				);
				GCC_PRECOMPILE_PREFIX_HEADER = YES;
				GCC_PREFIX_HEADER = "Bull Run/Bull Run-Prefix.pch";
				INFOPLIST_FILE = "Bull RunTests/Bull RunTests-Info.plist";
				PRODUCT_NAME = "$(TARGET_NAME)";
				TEST_HOST = "$(BUNDLE_LOADER)";
				WRAPPER_EXTENSION = octest;
			};
			name = Release;
		};
/* End XCBuildConfiguration section */

/* Begin XCConfigurationList section */
		CC858542167A72600054E60D /* Build configuration list for PBXProject "Bull Run" */ = {
			isa = XCConfigurationList;
			buildConfigurations = (
				CC85857F167A72610054E60D /* Debug */,
				CC858580167A72610054E60D /* Release */,
			);
			defaultConfigurationIsVisible = 0;
			defaultConfigurationName = Release;
		};
		CC858581167A72610054E60D /* Build configuration list for PBXNativeTarget "Bull Run" */ = {
			isa = XCConfigurationList;
			buildConfigurations = (
				CC858582167A72610054E60D /* Debug */,
				CC858583167A72610054E60D /* Release */,
			);
			defaultConfigurationIsVisible = 0;
			defaultConfigurationName = Release;
		};
		CC858584167A72610054E60D /* Build configuration list for PBXNativeTarget "Bull RunTests" */ = {
			isa = XCConfigurationList;
			buildConfigurations = (
				CC858585167A72610054E60D /* Debug */,
				CC858586167A72610054E60D /* Release */,
			);
			defaultConfigurationIsVisible = 0;
			defaultConfigurationName = Release;
		};
/* End XCConfigurationList section */
	};
	rootObject = CC85853F167A72600054E60D /* Project object */;
}
